{
  "version": 4,
  "terraform_version": "1.0.0",
  "serial": 43,
  "lineage": "b950536b-3100-ae97-80ea-9721b839585c",
  "outputs": {
    "public_ip": {
      "value": "18.134.228.46",
      "type": "string"
    }
  },
  "resources": [
    {
      "module": "module.vpc",
      "mode": "managed",
      "type": "aws_eip",
      "name": "eip",
      "provider": "provider[\"registry.terraform.io/hashicorp/aws\"]",
      "instances": [
        {
          "schema_version": 0,
          "attributes": {
            "address": null,
            "allocation_id": null,
            "associate_with_private_ip": null,
            "association_id": "",
            "carrier_ip": "",
            "customer_owned_ip": "",
            "customer_owned_ipv4_pool": "",
            "domain": "vpc",
            "id": "eipalloc-0834afe354a07b1be",
            "instance": "",
            "network_border_group": "eu-west-2",
            "network_interface": "",
            "private_dns": null,
            "private_ip": "",
            "public_dns": "ec2-18-133-43-61.eu-west-2.compute.amazonaws.com",
            "public_ip": "18.133.43.61",
            "public_ipv4_pool": "amazon",
            "tags": {
              "Env": "devops_course",
              "Name": "devops_course_eip"
            },
            "tags_all": {
              "Env": "devops_course",
              "Name": "devops_course_eip"
            },
            "timeouts": null,
            "vpc": true
          },
          "sensitive_attributes": [],
          "private": "eyJlMmJmYjczMC1lY2FhLTExZTYtOGY4OC0zNDM2M2JjN2M0YzAiOnsiZGVsZXRlIjoxODAwMDAwMDAwMDAsInJlYWQiOjkwMDAwMDAwMDAwMCwidXBkYXRlIjozMDAwMDAwMDAwMDB9fQ=="
        }
      ]
    },
    {
      "module": "module.vpc",
      "mode": "managed",
      "type": "aws_internet_gateway",
      "name": "igw",
      "provider": "provider[\"registry.terraform.io/hashicorp/aws\"]",
      "instances": [
        {
          "schema_version": 0,
          "attributes": {
            "arn": "arn:aws:ec2:eu-west-2:510036503349:internet-gateway/igw-051fab9c1aa4612d0",
            "id": "igw-051fab9c1aa4612d0",
            "owner_id": "510036503349",
            "tags": {
              "Env": "devops_course",
              "Name": "devops_course_igw"
            },
            "tags_all": {
              "Env": "devops_course",
              "Name": "devops_course_igw"
            },
            "vpc_id": "vpc-05ba9641f115df156"
          },
          "sensitive_attributes": [],
          "private": "bnVsbA==",
          "dependencies": [
            "module.vpc.aws_vpc.vpc"
          ]
        }
      ]
    },
    {
      "module": "module.vpc",
      "mode": "managed",
      "type": "aws_nat_gateway",
      "name": "nat",
      "provider": "provider[\"registry.terraform.io/hashicorp/aws\"]",
      "instances": [
        {
          "schema_version": 0,
          "attributes": {
            "allocation_id": "eipalloc-0834afe354a07b1be",
            "connectivity_type": "public",
            "id": "nat-0f7c7ebb53d76503d",
            "network_interface_id": "eni-06715ce34e7571d69",
            "private_ip": "10.0.0.250",
            "public_ip": "18.133.43.61",
            "subnet_id": "subnet-043159798aedd6cac",
            "tags": {
              "Environment": "devops_course",
              "Name": "devops_course_nat_gw"
            },
            "tags_all": {
              "Environment": "devops_course",
              "Name": "devops_course_nat_gw"
            }
          },
          "sensitive_attributes": [],
          "private": "bnVsbA==",
          "dependencies": [
            "module.vpc.aws_eip.eip",
            "module.vpc.aws_internet_gateway.igw",
            "module.vpc.aws_subnet.public_subnet",
            "module.vpc.aws_vpc.vpc"
          ]
        }
      ]
    },
    {
      "module": "module.vpc",
      "mode": "managed",
      "type": "aws_route_table",
      "name": "custom_route_table",
      "provider": "provider[\"registry.terraform.io/hashicorp/aws\"]",
      "instances": [
        {
          "schema_version": 0,
          "attributes": {
            "arn": "arn:aws:ec2:eu-west-2:510036503349:route-table/rtb-06836c3aa6d732597",
            "id": "rtb-06836c3aa6d732597",
            "owner_id": "510036503349",
            "propagating_vgws": [],
            "route": [
              {
                "carrier_gateway_id": "",
                "cidr_block": "0.0.0.0/0",
                "destination_prefix_list_id": "",
                "egress_only_gateway_id": "",
                "gateway_id": "igw-051fab9c1aa4612d0",
                "instance_id": "",
                "ipv6_cidr_block": "",
                "local_gateway_id": "",
                "nat_gateway_id": "",
                "network_interface_id": "",
                "transit_gateway_id": "",
                "vpc_endpoint_id": "",
                "vpc_peering_connection_id": ""
              }
            ],
            "tags": {
              "Env": "devops_course",
              "Name": "devops_course_public_rtb"
            },
            "tags_all": {
              "Env": "devops_course",
              "Name": "devops_course_public_rtb"
            },
            "vpc_id": "vpc-05ba9641f115df156"
          },
          "sensitive_attributes": [],
          "private": "bnVsbA==",
          "dependencies": [
            "module.vpc.aws_internet_gateway.igw",
            "module.vpc.aws_vpc.vpc"
          ]
        }
      ]
    },
    {
      "module": "module.vpc",
      "mode": "managed",
      "type": "aws_route_table_association",
      "name": "public",
      "provider": "provider[\"registry.terraform.io/hashicorp/aws\"]",
      "instances": [
        {
          "schema_version": 0,
          "attributes": {
            "gateway_id": "",
            "id": "rtbassoc-0d3c62badc9e78602",
            "route_table_id": "rtb-06836c3aa6d732597",
            "subnet_id": "subnet-043159798aedd6cac"
          },
          "sensitive_attributes": [],
          "private": "bnVsbA==",
          "dependencies": [
            "module.vpc.aws_internet_gateway.igw",
            "module.vpc.aws_route_table.custom_route_table",
            "module.vpc.aws_subnet.public_subnet",
            "module.vpc.aws_vpc.vpc"
          ]
        }
      ]
    },
    {
      "module": "module.vpc",
      "mode": "managed",
      "type": "aws_security_group",
      "name": "default",
      "provider": "provider[\"registry.terraform.io/hashicorp/aws\"]",
      "instances": [
        {
          "schema_version": 1,
          "attributes": {
            "arn": "arn:aws:ec2:eu-west-2:510036503349:security-group/sg-012ae378bbcadbbe8",
            "description": "Managed by Terraform",
            "egress": [
              {
                "cidr_blocks": [
                  "0.0.0.0/0"
                ],
                "description": "",
                "from_port": 0,
                "ipv6_cidr_blocks": [],
                "prefix_list_ids": [],
                "protocol": "-1",
                "security_groups": [],
                "self": false,
                "to_port": 0
              }
            ],
            "id": "sg-012ae378bbcadbbe8",
            "ingress": [
              {
                "cidr_blocks": [
                  "0.0.0.0/0"
                ],
                "description": "",
                "from_port": -1,
                "ipv6_cidr_blocks": [],
                "prefix_list_ids": [],
                "protocol": "icmp",
                "security_groups": [],
                "self": false,
                "to_port": -1
              },
              {
                "cidr_blocks": [
                  "0.0.0.0/0"
                ],
                "description": "",
                "from_port": 22,
                "ipv6_cidr_blocks": [],
                "prefix_list_ids": [],
                "protocol": "tcp",
                "security_groups": [],
                "self": false,
                "to_port": 22
              },
              {
                "cidr_blocks": [
                  "0.0.0.0/0"
                ],
                "description": "",
                "from_port": 443,
                "ipv6_cidr_blocks": [],
                "prefix_list_ids": [],
                "protocol": "tcp",
                "security_groups": [],
                "self": false,
                "to_port": 443
              },
              {
                "cidr_blocks": [
                  "0.0.0.0/0"
                ],
                "description": "",
                "from_port": 80,
                "ipv6_cidr_blocks": [],
                "prefix_list_ids": [],
                "protocol": "tcp",
                "security_groups": [],
                "self": false,
                "to_port": 80
              }
            ],
            "name": "public-sg",
            "name_prefix": "",
            "owner_id": "510036503349",
            "revoke_rules_on_delete": false,
            "tags": {
              "Environment": "devops_course"
            },
            "tags_all": {
              "Environment": "devops_course"
            },
            "timeouts": null,
            "vpc_id": "vpc-05ba9641f115df156"
          },
          "sensitive_attributes": [],
          "private": "eyJlMmJmYjczMC1lY2FhLTExZTYtOGY4OC0zNDM2M2JjN2M0YzAiOnsiY3JlYXRlIjo2MDAwMDAwMDAwMDAsImRlbGV0ZSI6OTAwMDAwMDAwMDAwfSwic2NoZW1hX3ZlcnNpb24iOiIxIn0=",
          "dependencies": [
            "module.vpc.aws_vpc.vpc"
          ]
        }
      ]
    },
    {
      "module": "module.vpc",
      "mode": "managed",
      "type": "aws_subnet",
      "name": "public_subnet",
      "provider": "provider[\"registry.terraform.io/hashicorp/aws\"]",
      "instances": [
        {
          "schema_version": 1,
          "attributes": {
            "arn": "arn:aws:ec2:eu-west-2:510036503349:subnet/subnet-043159798aedd6cac",
            "assign_ipv6_address_on_creation": false,
            "availability_zone": "eu-west-2a",
            "availability_zone_id": "euw2-az2",
            "cidr_block": "10.0.0.0/24",
            "customer_owned_ipv4_pool": "",
            "id": "subnet-043159798aedd6cac",
            "ipv6_cidr_block": "",
            "ipv6_cidr_block_association_id": "",
            "map_customer_owned_ip_on_launch": false,
            "map_public_ip_on_launch": true,
            "outpost_arn": "",
            "owner_id": "510036503349",
            "tags": {
              "Env": "devops_course",
              "Name": "devops_course_subnet_public"
            },
            "tags_all": {
              "Env": "devops_course",
              "Name": "devops_course_subnet_public"
            },
            "timeouts": null,
            "vpc_id": "vpc-05ba9641f115df156"
          },
          "sensitive_attributes": [],
          "private": "eyJlMmJmYjczMC1lY2FhLTExZTYtOGY4OC0zNDM2M2JjN2M0YzAiOnsiY3JlYXRlIjo2MDAwMDAwMDAwMDAsImRlbGV0ZSI6MTIwMDAwMDAwMDAwMH0sInNjaGVtYV92ZXJzaW9uIjoiMSJ9",
          "dependencies": [
            "module.vpc.aws_vpc.vpc"
          ]
        }
      ]
    },
    {
      "module": "module.vpc",
      "mode": "managed",
      "type": "aws_vpc",
      "name": "vpc",
      "provider": "provider[\"registry.terraform.io/hashicorp/aws\"]",
      "instances": [
        {
          "schema_version": 1,
          "attributes": {
            "arn": "arn:aws:ec2:eu-west-2:510036503349:vpc/vpc-05ba9641f115df156",
            "assign_generated_ipv6_cidr_block": false,
            "cidr_block": "10.0.0.0/16",
            "default_network_acl_id": "acl-0acf7f90e960b7aff",
            "default_route_table_id": "rtb-09c70dda743ac2e1a",
            "default_security_group_id": "sg-0c1f0765302de9b1e",
            "dhcp_options_id": "dopt-aa5152c2",
            "enable_classiclink": null,
            "enable_classiclink_dns_support": null,
            "enable_dns_hostnames": false,
            "enable_dns_support": true,
            "id": "vpc-05ba9641f115df156",
            "instance_tenancy": "default",
            "ipv6_association_id": "",
            "ipv6_cidr_block": "",
            "main_route_table_id": "rtb-09c70dda743ac2e1a",
            "owner_id": "510036503349",
            "tags": {
              "Env": "devops_course",
              "Name": "devops_course_vpc"
            },
            "tags_all": {
              "Env": "devops_course",
              "Name": "devops_course_vpc"
            }
          },
          "sensitive_attributes": [],
          "private": "eyJzY2hlbWFfdmVyc2lvbiI6IjEifQ=="
        }
      ]
    },
    {
      "module": "module.web_instance",
      "mode": "data",
      "type": "aws_ami",
      "name": "ubuntu",
      "provider": "provider[\"registry.terraform.io/hashicorp/aws\"]",
      "instances": [
        {
          "schema_version": 0,
          "attributes": {
            "architecture": "x86_64",
            "arn": "arn:aws:ec2:eu-west-2::image/ami-093d303510c432519",
            "block_device_mappings": [
              {
                "device_name": "/dev/sda1",
                "ebs": {
                  "delete_on_termination": "true",
                  "encrypted": "false",
                  "iops": "0",
                  "snapshot_id": "snap-0c4478786ab0398b6",
                  "throughput": "0",
                  "volume_size": "8",
                  "volume_type": "gp2"
                },
                "no_device": "",
                "virtual_name": ""
              },
              {
                "device_name": "/dev/sdb",
                "ebs": {},
                "no_device": "",
                "virtual_name": "ephemeral0"
              },
              {
                "device_name": "/dev/sdc",
                "ebs": {},
                "no_device": "",
                "virtual_name": "ephemeral1"
              }
            ],
            "creation_date": "2021-06-22T20:54:34.000Z",
            "description": "Canonical, Ubuntu, 20.04 LTS, amd64 focal image build on 2021-06-21",
            "ena_support": true,
            "executable_users": null,
            "filter": [
              {
                "name": "name",
                "values": [
                  "ubuntu/images/hvm-ssd/ubuntu-focal-20.04-amd64-server-*"
                ]
              },
              {
                "name": "virtualization-type",
                "values": [
                  "hvm"
                ]
              }
            ],
            "hypervisor": "xen",
            "id": "ami-093d303510c432519",
            "image_id": "ami-093d303510c432519",
            "image_location": "099720109477/ubuntu/images/hvm-ssd/ubuntu-focal-20.04-amd64-server-20210621",
            "image_owner_alias": null,
            "image_type": "machine",
            "kernel_id": null,
            "most_recent": true,
            "name": "ubuntu/images/hvm-ssd/ubuntu-focal-20.04-amd64-server-20210621",
            "name_regex": null,
            "owner_id": "099720109477",
            "owners": [
              "099720109477"
            ],
            "platform": null,
            "platform_details": "Linux/UNIX",
            "product_codes": [],
            "public": true,
            "ramdisk_id": null,
            "root_device_name": "/dev/sda1",
            "root_device_type": "ebs",
            "root_snapshot_id": "snap-0c4478786ab0398b6",
            "sriov_net_support": "simple",
            "state": "available",
            "state_reason": {
              "code": "UNSET",
              "message": "UNSET"
            },
            "tags": {},
            "usage_operation": "RunInstances",
            "virtualization_type": "hvm"
          },
          "sensitive_attributes": []
        }
      ]
    },
    {
      "module": "module.web_instance",
      "mode": "managed",
      "type": "aws_instance",
      "name": "ec2",
      "provider": "provider[\"registry.terraform.io/hashicorp/aws\"]",
      "instances": [
        {
          "schema_version": 1,
          "attributes": {
            "ami": "ami-093d303510c432519",
            "arn": "arn:aws:ec2:eu-west-2:510036503349:instance/i-06e80e4f1fffca413",
            "associate_public_ip_address": true,
            "availability_zone": "eu-west-2a",
            "capacity_reservation_specification": [
              {
                "capacity_reservation_preference": "open",
                "capacity_reservation_target": []
              }
            ],
            "cpu_core_count": 1,
            "cpu_threads_per_core": 1,
            "credit_specification": [
              {
                "cpu_credits": "standard"
              }
            ],
            "disable_api_termination": false,
            "ebs_block_device": [],
            "ebs_optimized": false,
            "enclave_options": [
              {
                "enabled": false
              }
            ],
            "ephemeral_block_device": [],
            "get_password_data": false,
            "hibernation": false,
            "host_id": null,
            "iam_instance_profile": "",
            "id": "i-06e80e4f1fffca413",
            "instance_initiated_shutdown_behavior": "stop",
            "instance_state": "running",
            "instance_type": "t2.micro",
            "ipv6_address_count": 0,
            "ipv6_addresses": [],
            "key_name": "devops-course",
            "metadata_options": [
              {
                "http_endpoint": "enabled",
                "http_put_response_hop_limit": 1,
                "http_tokens": "optional"
              }
            ],
            "monitoring": false,
            "network_interface": [],
            "outpost_arn": "",
            "password_data": "",
            "placement_group": "",
            "primary_network_interface_id": "eni-051b30e4b202450dd",
            "private_dns": "ip-10-0-0-89.eu-west-2.compute.internal",
            "private_ip": "10.0.0.89",
            "public_dns": "",
            "public_ip": "18.134.228.46",
            "root_block_device": [
              {
                "delete_on_termination": true,
                "device_name": "/dev/sda1",
                "encrypted": false,
                "iops": 100,
                "kms_key_id": "",
                "tags": null,
                "throughput": 0,
                "volume_id": "vol-010e0026d39dbc0b3",
                "volume_size": 8,
                "volume_type": "gp2"
              }
            ],
            "secondary_private_ips": [],
            "security_groups": [],
            "source_dest_check": true,
            "subnet_id": "subnet-043159798aedd6cac",
            "tags": {
              "Name": "web"
            },
            "tags_all": {
              "Name": "web"
            },
            "tenancy": "default",
            "timeouts": null,
            "user_data": null,
            "user_data_base64": null,
            "volume_tags": null,
            "vpc_security_group_ids": [
              "sg-012ae378bbcadbbe8"
            ]
          },
          "sensitive_attributes": [],
          "private": "eyJlMmJmYjczMC1lY2FhLTExZTYtOGY4OC0zNDM2M2JjN2M0YzAiOnsiY3JlYXRlIjo2MDAwMDAwMDAwMDAsImRlbGV0ZSI6MTIwMDAwMDAwMDAwMCwidXBkYXRlIjo2MDAwMDAwMDAwMDB9LCJzY2hlbWFfdmVyc2lvbiI6IjEifQ==",
          "dependencies": [
            "module.vpc.aws_security_group.default",
            "module.vpc.aws_subnet.public_subnet",
            "module.vpc.aws_vpc.vpc",
            "module.web_instance.aws_key_pair.generated_key",
            "module.web_instance.data.aws_ami.ubuntu",
            "module.web_instance.tls_private_key.example"
          ]
        }
      ]
    },
    {
      "module": "module.web_instance",
      "mode": "managed",
      "type": "aws_key_pair",
      "name": "generated_key",
      "provider": "provider[\"registry.terraform.io/hashicorp/aws\"]",
      "instances": [
        {
          "schema_version": 1,
          "attributes": {
            "arn": "arn:aws:ec2:eu-west-2:510036503349:key-pair/devops-course",
            "fingerprint": "bc:91:0f:7f:78:28:c6:f1:77:11:c7:f9:52:13:4f:60",
            "id": "devops-course",
            "key_name": "devops-course",
            "key_name_prefix": null,
            "key_pair_id": "key-045fade1db1e933bb",
            "public_key": "ssh-rsa AAAAB3NzaC1yc2EAAAADAQABAAACAQC4j1NsYl6jXlPtXoxAWiEJ6W3j4twcxNOdX1Le272cAqpdGfg2/qCna0Pt5fubRpH8Gq412lr+IGJ68ksSStaMbVIW8rE92JkbEn9bqo4AafMYsxW7AgaOjLUS2GcuwwRm1UTn/PD4qZER/WsHR8yod7Rsx0zONH4BqulB73gGkYEqPssyDD6c112VUppgEwezduYtC4Le6jmgD16yGCJ8v/1efzOXVmwtIuKR/XFBKQltJIhqZ5PNF3oaiFNzxcXBKFPlcRiMsVNoj8W+lbqsjgBWYd7ozvkcwnB+DaNQUH431nyx96/k3NXG2+2Yt0jQ72tjHrBWEOqId9tyo+k4D4gn9KFY/AL2qp0b+d7ZEVVk+BT8EyiJT8h1z5Tp2imIm7ctk2tLsBRxrMiNXJA+tzKi+09xxcM2Vvs/OSFS8ubNM2kAyb9baG6GOb0BskW+4wG0VFG0lAv79MwvgZ2Tsf2jXgvBZ1pX43VMsga9tSbHzh6J3VSSrPT8tP2qneMt1jdLbTpY1E2fLd7GiKLcjXJ0K+G/ls0nMf4HiFT43Hja9x0pBn12h3KbvTdwLfSn6/X0wT2LKUM3v/JbMww/DYpZDQ3+gqu2AAm+tLUOM9FTR6dszVx8aNUr4N1lhr1datxJZ47JtWA+/gfGJHEDxgTAdHm9ptxm+ultSLyoyQ==",
            "tags": null,
            "tags_all": {}
          },
          "sensitive_attributes": [],
          "private": "eyJzY2hlbWFfdmVyc2lvbiI6IjEifQ==",
          "dependencies": [
            "module.web_instance.tls_private_key.example"
          ]
        }
      ]
    },
    {
      "module": "module.web_instance",
      "mode": "managed",
      "type": "local_file",
      "name": "key",
      "provider": "provider[\"registry.terraform.io/hashicorp/local\"]",
      "instances": [
        {
          "schema_version": 0,
          "attributes": {
            "content": "-----BEGIN RSA PRIVATE KEY-----\nMIIJKQIBAAKCAgEAuI9TbGJeo15T7V6MQFohCelt4+LcHMTTnV9S3tu9nAKqXRn4\nNv6gp2tD7eX7m0aR/BquNdpa/iBievJLEkrWjG1SFvKxPdiZGxJ/W6qOAGnzGLMV\nuwIGjoy1EthnLsMEZtVE5/zw+KmREf1rB0fMqHe0bMdMzjR+AarpQe94BpGBKj7L\nMgw+nNddlVKaYBMHs3bmLQuC3uo5oA9eshgifL/9Xn8zl1ZsLSLikf1xQSkJbSSI\nameTzRd6GohTc8XFwShT5XEYjLFTaI/FvpW6rI4AVmHe6M75HMJwfg2jUFB+N9Z8\nsfev5NzVxtvtmLdI0O9rYx6wVhDqiHfbcqPpOA+IJ/ShWPwC9qqdG/ne2RFVZPgU\n/BMoiU/Idc+U6dopiJu3LZNrS7AUcazIjVyQPrcyovtPccXDNlb7PzkhUvLmzTNp\nAMm/W2huhjm9AbJFvuMBtFRRtJQL+/TML4Gdk7H9o14LwWdaV+N1TLIGvbUmx84e\nid1Ukqz0/LT9qp3jLdY3S206WNRNny3exoii3I1ydCvhv5bNJzH+B4hU+Nx42vcd\nKQZ9dodym703cC30p+v19ME9iylDN7/yWzMMPw2KWQ0N/oKrtgAJvrS1DjPRU0en\nbM1cfGjVK+DdZYa9XWrcSWeOybVgPv4HxiRxA8YEwHR5vabcZvrpbUi8qMkCAwEA\nAQKCAgAoL50clnbA38MqhlHHmVhkTh2NZ1JCOWFSfPUQbYxlsfbiessfPmZAzgxm\nepNEhiM3X5/bPgZeGzMWTjembgE1ZoBfWszZCJad3HM6xHJTCL7T+/qZU6GV3HF4\n/wHIntIQihOM5/iYTGO4JRPu6+VWMWpp3SOOKsPdHRfZMYlS9M/JIQ8hgKUJhaNs\n5iWTEdG1dAg+eqkuXJXbkj0uTi8ENtG2h7/2De1UDqqC20qTw5m32CKT+KWoHJqL\nuG9jYAblPiC2bt/Hkrz0oYmPLA8Pj4PnSzw8OQTpDDVuXQ3YaQ5ynhNctO/px2QM\n/spHXHFQfTFGzeHbe6d1u5Ne7O3U1fXfzMsu1hw1xOT4kM+q5kFTv9S1yxL8rfWj\nqxVeIbqzRyaIsiaQhpvvkN2Vyn1qJbhWU19/g+PpwUNW5qxfH/bdpsqk3NIuRU1P\nkZvgwQB4uCCNEXE0T2mkEmF6eUHFfEGStCziShfg7EuV/E0xIRHrtBnfMcSfV62V\ncSlIGm+4cGDmllAOJkQq/6ENdpaRWw1RVb9n3ciiSEriL/uHs+dIZT2RUlQUQ5hm\nM64B2w2erqWWDTvSwlg/weBjNv+8jfw6GVnuZGXbwwUWKS4ycv9Li1fceaWE48jQ\nNIKtPMQjj7VGGRXhBQJtTWxK1mb+c5029FehkS+serFDTZI7eQKCAQEA8LiWlOyF\nHEFWQXh82baS9D7qCcBy+B59pulflGCy+hxw1gVnUk9rjC7cRpuEUfZRICn40313\nqQfmFHJV1u0AZn0GF6dsKB2lkAaPBZpqxEoMJWWwGlVtdF8ceI610gLvys8r0qKh\nNX70sAfFQYLhqZusZbi/0b8Fthqz+1fls1hlaPj7p0rxQypS+DJfKDwGhERMYOGc\nB2z2ODdqDZh/Stupoa5B9TdcE8hjsFy472LFAwVmcmr1U6W0TDF4Pymxl0o1mDP5\nbfmFNNDZHsWFMfix+bcCHFbKXGAd2zipjLlcGTYWYZuojTDcvzm4fYXzg92HTpH2\n+ZwQ3BPn57laywKCAQEAxEYwjx8SyI831o/pL0tVU/GGNlUCPRMp0TrouR9PimRV\nanTRZotgdcP2HaSS7MOJbhYwvp/x8VPqTiPfQ+9m0HoJviQu/pOgQVM/YGuZB92+\nbTd19uv+NKE4rmhfMZdKRpDnK4xQr67qI/RlGtmDmPYfI41y3Va93NLNEjiQt3Py\np7PxbJ6hr5gG27kDh8v7Nrwx/9+jl7DY3/5TzaijoTQ0OwbOYl9Hs6BIsmYCGxgw\nHiTkOXn/v2NHfs0+0KuOr9K0YZV1cw33qHCYsPJN9szHuEvppFIuT87u2tv+QYjc\nZtbImSnhNC3DezuyQSrFJtrcjRWPVgGNp8E2m8q0OwKCAQB/tG2udAvqAX+RHCqg\nFYvAp9/hbIeRuhtPAWADh4lrxsrVv+ggcqHLrNCPZNG96b8AIUQwbs+cjOQy1LVV\nYEZmGM2yns9yOMgssE4P2uvpVp8698eFMOzwX8Tq8ErlL0mnfmDxTfXYO5H0EStE\npfqx0DSVgn3A+GY/RctV/DuP+cVS+0QGbGuyBjIeGhsBbVbHtLQQcaAlEFlPWZaZ\nv91ICWDktV2oicX/eL/qQEacOPnrsGG5MaUUy0PraBMy7xuX93aXWHtrLITOkD2f\nZYpUCGvi3oPwJNsWRqeQNW89iNijR154SewRe2qgyC5n6ThXLJ8rv6QWqAUJvEW7\nWUohAoIBAQCy1EDqJiW3FsaJeBW+QaU9FpJyboHbo9o2CLaB9UVDkqdAl68y/0qk\nAif8WjaEAqT06MMA7DpE53BUQdrqyvWifY7i75Th3x/kZTUZZO/JewBGAoI4uEyl\nJz+9qNsTFAVYxi3aP75EU9qBZ+u2yvhcJeO5QOenQ6E50deHAoLYo4wzwH/3t5EZ\nrCqTh77vu6rn9BCaUel8DGWNsOwqNbzg4++y2ECy4J0zzJZv9QF2LlOpI3PN6ppa\nhtpdbiQNfEJFcHVpdAPPEKrVjcGRdzQR6gMOqBv42+fWT3TRdB/1Ff26tXeQFdha\n8ldpsLp5Jb775+2Lnlk6w6+NaT2YNNiBAoIBAQC44d+/gEHl1ebS43Xvd/W+U79H\n7712I+UbwBDKcpfSxqFtDElZUKfwB6n5BUUFI5XaDLpEm4WPzSeWvkJ7bQsvozgp\nvXvPqd0hA1jg7OZ+P4+Grm0PS3pbAKlsSA/0DSmogKJinnAU3p1iGeD74BAyQMTX\nECK0aNqwuQgfbmCY4KqWBIQ3grpiR+Glx2dTiGewk44epOqE9yReJUj3CvG4BOVp\npEDCFkrZXTt2ugXb3Ls2+v18p4IN6IKGXwWhZuNqMXK6GNLav6JSnHeH2HEaZatw\nojp3d9gv1ijFb1XBP/eJgVhCuDMRch3e2RkpX6qNhubnugZDZDJyqUEzdEmP\n-----END RSA PRIVATE KEY-----\n",
            "content_base64": null,
            "directory_permission": "0777",
            "file_permission": "0777",
            "filename": "id_rsa",
            "id": "2742b25da96c4e1fdfb51c3bf9de871c2fbc98d1",
            "sensitive_content": null,
            "source": null
          },
          "sensitive_attributes": [
            [
              {
                "type": "get_attr",
                "value": "content"
              }
            ]
          ],
          "private": "bnVsbA==",
          "dependencies": [
            "module.web_instance.tls_private_key.example"
          ]
        }
      ]
    },
    {
      "module": "module.web_instance",
      "mode": "managed",
      "type": "tls_private_key",
      "name": "example",
      "provider": "provider[\"registry.terraform.io/hashicorp/tls\"]",
      "instances": [
        {
          "schema_version": 0,
          "attributes": {
            "algorithm": "RSA",
            "ecdsa_curve": "P224",
            "id": "8a09c5bfb102e4a32f15b7cb4faf9f98de3b5092",
            "private_key_pem": "-----BEGIN RSA PRIVATE KEY-----\nMIIJKQIBAAKCAgEAuI9TbGJeo15T7V6MQFohCelt4+LcHMTTnV9S3tu9nAKqXRn4\nNv6gp2tD7eX7m0aR/BquNdpa/iBievJLEkrWjG1SFvKxPdiZGxJ/W6qOAGnzGLMV\nuwIGjoy1EthnLsMEZtVE5/zw+KmREf1rB0fMqHe0bMdMzjR+AarpQe94BpGBKj7L\nMgw+nNddlVKaYBMHs3bmLQuC3uo5oA9eshgifL/9Xn8zl1ZsLSLikf1xQSkJbSSI\nameTzRd6GohTc8XFwShT5XEYjLFTaI/FvpW6rI4AVmHe6M75HMJwfg2jUFB+N9Z8\nsfev5NzVxtvtmLdI0O9rYx6wVhDqiHfbcqPpOA+IJ/ShWPwC9qqdG/ne2RFVZPgU\n/BMoiU/Idc+U6dopiJu3LZNrS7AUcazIjVyQPrcyovtPccXDNlb7PzkhUvLmzTNp\nAMm/W2huhjm9AbJFvuMBtFRRtJQL+/TML4Gdk7H9o14LwWdaV+N1TLIGvbUmx84e\nid1Ukqz0/LT9qp3jLdY3S206WNRNny3exoii3I1ydCvhv5bNJzH+B4hU+Nx42vcd\nKQZ9dodym703cC30p+v19ME9iylDN7/yWzMMPw2KWQ0N/oKrtgAJvrS1DjPRU0en\nbM1cfGjVK+DdZYa9XWrcSWeOybVgPv4HxiRxA8YEwHR5vabcZvrpbUi8qMkCAwEA\nAQKCAgAoL50clnbA38MqhlHHmVhkTh2NZ1JCOWFSfPUQbYxlsfbiessfPmZAzgxm\nepNEhiM3X5/bPgZeGzMWTjembgE1ZoBfWszZCJad3HM6xHJTCL7T+/qZU6GV3HF4\n/wHIntIQihOM5/iYTGO4JRPu6+VWMWpp3SOOKsPdHRfZMYlS9M/JIQ8hgKUJhaNs\n5iWTEdG1dAg+eqkuXJXbkj0uTi8ENtG2h7/2De1UDqqC20qTw5m32CKT+KWoHJqL\nuG9jYAblPiC2bt/Hkrz0oYmPLA8Pj4PnSzw8OQTpDDVuXQ3YaQ5ynhNctO/px2QM\n/spHXHFQfTFGzeHbe6d1u5Ne7O3U1fXfzMsu1hw1xOT4kM+q5kFTv9S1yxL8rfWj\nqxVeIbqzRyaIsiaQhpvvkN2Vyn1qJbhWU19/g+PpwUNW5qxfH/bdpsqk3NIuRU1P\nkZvgwQB4uCCNEXE0T2mkEmF6eUHFfEGStCziShfg7EuV/E0xIRHrtBnfMcSfV62V\ncSlIGm+4cGDmllAOJkQq/6ENdpaRWw1RVb9n3ciiSEriL/uHs+dIZT2RUlQUQ5hm\nM64B2w2erqWWDTvSwlg/weBjNv+8jfw6GVnuZGXbwwUWKS4ycv9Li1fceaWE48jQ\nNIKtPMQjj7VGGRXhBQJtTWxK1mb+c5029FehkS+serFDTZI7eQKCAQEA8LiWlOyF\nHEFWQXh82baS9D7qCcBy+B59pulflGCy+hxw1gVnUk9rjC7cRpuEUfZRICn40313\nqQfmFHJV1u0AZn0GF6dsKB2lkAaPBZpqxEoMJWWwGlVtdF8ceI610gLvys8r0qKh\nNX70sAfFQYLhqZusZbi/0b8Fthqz+1fls1hlaPj7p0rxQypS+DJfKDwGhERMYOGc\nB2z2ODdqDZh/Stupoa5B9TdcE8hjsFy472LFAwVmcmr1U6W0TDF4Pymxl0o1mDP5\nbfmFNNDZHsWFMfix+bcCHFbKXGAd2zipjLlcGTYWYZuojTDcvzm4fYXzg92HTpH2\n+ZwQ3BPn57laywKCAQEAxEYwjx8SyI831o/pL0tVU/GGNlUCPRMp0TrouR9PimRV\nanTRZotgdcP2HaSS7MOJbhYwvp/x8VPqTiPfQ+9m0HoJviQu/pOgQVM/YGuZB92+\nbTd19uv+NKE4rmhfMZdKRpDnK4xQr67qI/RlGtmDmPYfI41y3Va93NLNEjiQt3Py\np7PxbJ6hr5gG27kDh8v7Nrwx/9+jl7DY3/5TzaijoTQ0OwbOYl9Hs6BIsmYCGxgw\nHiTkOXn/v2NHfs0+0KuOr9K0YZV1cw33qHCYsPJN9szHuEvppFIuT87u2tv+QYjc\nZtbImSnhNC3DezuyQSrFJtrcjRWPVgGNp8E2m8q0OwKCAQB/tG2udAvqAX+RHCqg\nFYvAp9/hbIeRuhtPAWADh4lrxsrVv+ggcqHLrNCPZNG96b8AIUQwbs+cjOQy1LVV\nYEZmGM2yns9yOMgssE4P2uvpVp8698eFMOzwX8Tq8ErlL0mnfmDxTfXYO5H0EStE\npfqx0DSVgn3A+GY/RctV/DuP+cVS+0QGbGuyBjIeGhsBbVbHtLQQcaAlEFlPWZaZ\nv91ICWDktV2oicX/eL/qQEacOPnrsGG5MaUUy0PraBMy7xuX93aXWHtrLITOkD2f\nZYpUCGvi3oPwJNsWRqeQNW89iNijR154SewRe2qgyC5n6ThXLJ8rv6QWqAUJvEW7\nWUohAoIBAQCy1EDqJiW3FsaJeBW+QaU9FpJyboHbo9o2CLaB9UVDkqdAl68y/0qk\nAif8WjaEAqT06MMA7DpE53BUQdrqyvWifY7i75Th3x/kZTUZZO/JewBGAoI4uEyl\nJz+9qNsTFAVYxi3aP75EU9qBZ+u2yvhcJeO5QOenQ6E50deHAoLYo4wzwH/3t5EZ\nrCqTh77vu6rn9BCaUel8DGWNsOwqNbzg4++y2ECy4J0zzJZv9QF2LlOpI3PN6ppa\nhtpdbiQNfEJFcHVpdAPPEKrVjcGRdzQR6gMOqBv42+fWT3TRdB/1Ff26tXeQFdha\n8ldpsLp5Jb775+2Lnlk6w6+NaT2YNNiBAoIBAQC44d+/gEHl1ebS43Xvd/W+U79H\n7712I+UbwBDKcpfSxqFtDElZUKfwB6n5BUUFI5XaDLpEm4WPzSeWvkJ7bQsvozgp\nvXvPqd0hA1jg7OZ+P4+Grm0PS3pbAKlsSA/0DSmogKJinnAU3p1iGeD74BAyQMTX\nECK0aNqwuQgfbmCY4KqWBIQ3grpiR+Glx2dTiGewk44epOqE9yReJUj3CvG4BOVp\npEDCFkrZXTt2ugXb3Ls2+v18p4IN6IKGXwWhZuNqMXK6GNLav6JSnHeH2HEaZatw\nojp3d9gv1ijFb1XBP/eJgVhCuDMRch3e2RkpX6qNhubnugZDZDJyqUEzdEmP\n-----END RSA PRIVATE KEY-----\n",
            "public_key_fingerprint_md5": "01:93:99:30:12:4d:ef:25:68:8a:1a:af:6b:4c:cf:e0",
            "public_key_openssh": "ssh-rsa AAAAB3NzaC1yc2EAAAADAQABAAACAQC4j1NsYl6jXlPtXoxAWiEJ6W3j4twcxNOdX1Le272cAqpdGfg2/qCna0Pt5fubRpH8Gq412lr+IGJ68ksSStaMbVIW8rE92JkbEn9bqo4AafMYsxW7AgaOjLUS2GcuwwRm1UTn/PD4qZER/WsHR8yod7Rsx0zONH4BqulB73gGkYEqPssyDD6c112VUppgEwezduYtC4Le6jmgD16yGCJ8v/1efzOXVmwtIuKR/XFBKQltJIhqZ5PNF3oaiFNzxcXBKFPlcRiMsVNoj8W+lbqsjgBWYd7ozvkcwnB+DaNQUH431nyx96/k3NXG2+2Yt0jQ72tjHrBWEOqId9tyo+k4D4gn9KFY/AL2qp0b+d7ZEVVk+BT8EyiJT8h1z5Tp2imIm7ctk2tLsBRxrMiNXJA+tzKi+09xxcM2Vvs/OSFS8ubNM2kAyb9baG6GOb0BskW+4wG0VFG0lAv79MwvgZ2Tsf2jXgvBZ1pX43VMsga9tSbHzh6J3VSSrPT8tP2qneMt1jdLbTpY1E2fLd7GiKLcjXJ0K+G/ls0nMf4HiFT43Hja9x0pBn12h3KbvTdwLfSn6/X0wT2LKUM3v/JbMww/DYpZDQ3+gqu2AAm+tLUOM9FTR6dszVx8aNUr4N1lhr1datxJZ47JtWA+/gfGJHEDxgTAdHm9ptxm+ultSLyoyQ==\n",
            "public_key_pem": "-----BEGIN PUBLIC KEY-----\nMIICIjANBgkqhkiG9w0BAQEFAAOCAg8AMIICCgKCAgEAuI9TbGJeo15T7V6MQFoh\nCelt4+LcHMTTnV9S3tu9nAKqXRn4Nv6gp2tD7eX7m0aR/BquNdpa/iBievJLEkrW\njG1SFvKxPdiZGxJ/W6qOAGnzGLMVuwIGjoy1EthnLsMEZtVE5/zw+KmREf1rB0fM\nqHe0bMdMzjR+AarpQe94BpGBKj7LMgw+nNddlVKaYBMHs3bmLQuC3uo5oA9eshgi\nfL/9Xn8zl1ZsLSLikf1xQSkJbSSIameTzRd6GohTc8XFwShT5XEYjLFTaI/FvpW6\nrI4AVmHe6M75HMJwfg2jUFB+N9Z8sfev5NzVxtvtmLdI0O9rYx6wVhDqiHfbcqPp\nOA+IJ/ShWPwC9qqdG/ne2RFVZPgU/BMoiU/Idc+U6dopiJu3LZNrS7AUcazIjVyQ\nPrcyovtPccXDNlb7PzkhUvLmzTNpAMm/W2huhjm9AbJFvuMBtFRRtJQL+/TML4Gd\nk7H9o14LwWdaV+N1TLIGvbUmx84eid1Ukqz0/LT9qp3jLdY3S206WNRNny3exoii\n3I1ydCvhv5bNJzH+B4hU+Nx42vcdKQZ9dodym703cC30p+v19ME9iylDN7/yWzMM\nPw2KWQ0N/oKrtgAJvrS1DjPRU0enbM1cfGjVK+DdZYa9XWrcSWeOybVgPv4HxiRx\nA8YEwHR5vabcZvrpbUi8qMkCAwEAAQ==\n-----END PUBLIC KEY-----\n",
            "rsa_bits": 4096
          },
          "sensitive_attributes": [],
          "private": "bnVsbA=="
        }
      ]
    }
  ]
}
