{
  "version": 4,
  "terraform_version": "1.0.0",
  "serial": 97,
  "lineage": "b950536b-3100-ae97-80ea-9721b839585c",
  "outputs": {
    "public_ip": {
      "value": "18.168.219.162",
      "type": "string"
    }
  },
  "resources": [
    {
      "module": "module.vpc",
      "mode": "managed",
      "type": "aws_internet_gateway",
      "name": "igw",
      "provider": "provider[\"registry.terraform.io/hashicorp/aws\"]",
      "instances": [
        {
          "schema_version": 0,
          "attributes": {
            "arn": "arn:aws:ec2:eu-west-2:510036503349:internet-gateway/igw-04ff30308da66129a",
            "id": "igw-04ff30308da66129a",
            "owner_id": "510036503349",
            "tags": {
              "Env": "devops_course",
              "Name": "devops_course_igw"
            },
            "tags_all": {
              "Env": "devops_course",
              "Name": "devops_course_igw"
            },
            "vpc_id": "vpc-03eeb0fc1c173ef5d"
          },
          "sensitive_attributes": [],
          "private": "bnVsbA==",
          "dependencies": [
            "module.vpc.aws_vpc.vpc"
          ]
        }
      ]
    },
    {
      "module": "module.vpc",
      "mode": "managed",
      "type": "aws_route_table",
      "name": "custom_route_table",
      "provider": "provider[\"registry.terraform.io/hashicorp/aws\"]",
      "instances": [
        {
          "schema_version": 0,
          "attributes": {
            "arn": "arn:aws:ec2:eu-west-2:510036503349:route-table/rtb-05dc5ee7907f442a5",
            "id": "rtb-05dc5ee7907f442a5",
            "owner_id": "510036503349",
            "propagating_vgws": [],
            "route": [
              {
                "carrier_gateway_id": "",
                "cidr_block": "0.0.0.0/0",
                "destination_prefix_list_id": "",
                "egress_only_gateway_id": "",
                "gateway_id": "igw-04ff30308da66129a",
                "instance_id": "",
                "ipv6_cidr_block": "",
                "local_gateway_id": "",
                "nat_gateway_id": "",
                "network_interface_id": "",
                "transit_gateway_id": "",
                "vpc_endpoint_id": "",
                "vpc_peering_connection_id": ""
              }
            ],
            "tags": {
              "Env": "devops_course",
              "Name": "devops_course_public_rtb"
            },
            "tags_all": {
              "Env": "devops_course",
              "Name": "devops_course_public_rtb"
            },
            "vpc_id": "vpc-03eeb0fc1c173ef5d"
          },
          "sensitive_attributes": [],
          "private": "bnVsbA==",
          "dependencies": [
            "module.vpc.aws_internet_gateway.igw",
            "module.vpc.aws_vpc.vpc"
          ]
        }
      ]
    },
    {
      "module": "module.vpc",
      "mode": "managed",
      "type": "aws_route_table_association",
      "name": "public",
      "provider": "provider[\"registry.terraform.io/hashicorp/aws\"]",
      "instances": [
        {
          "schema_version": 0,
          "attributes": {
            "gateway_id": "",
            "id": "rtbassoc-067267be93b4aa231",
            "route_table_id": "rtb-05dc5ee7907f442a5",
            "subnet_id": "subnet-0fb0e5ff4d72fa06a"
          },
          "sensitive_attributes": [],
          "private": "bnVsbA==",
          "dependencies": [
            "module.vpc.aws_internet_gateway.igw",
            "module.vpc.aws_route_table.custom_route_table",
            "module.vpc.aws_subnet.public_subnet",
            "module.vpc.aws_vpc.vpc"
          ]
        }
      ]
    },
    {
      "module": "module.vpc",
      "mode": "managed",
      "type": "aws_security_group",
      "name": "default",
      "provider": "provider[\"registry.terraform.io/hashicorp/aws\"]",
      "instances": [
        {
          "schema_version": 1,
          "attributes": {
            "arn": "arn:aws:ec2:eu-west-2:510036503349:security-group/sg-0cdb906253a1fcfbb",
            "description": "Managed by Terraform",
            "egress": [
              {
                "cidr_blocks": [
                  "0.0.0.0/0"
                ],
                "description": "",
                "from_port": 0,
                "ipv6_cidr_blocks": [],
                "prefix_list_ids": [],
                "protocol": "-1",
                "security_groups": [],
                "self": false,
                "to_port": 0
              }
            ],
            "id": "sg-0cdb906253a1fcfbb",
            "ingress": [
              {
                "cidr_blocks": [
                  "0.0.0.0/0"
                ],
                "description": "",
                "from_port": 22,
                "ipv6_cidr_blocks": [],
                "prefix_list_ids": [],
                "protocol": "tcp",
                "security_groups": [],
                "self": false,
                "to_port": 22
              },
              {
                "cidr_blocks": [
                  "0.0.0.0/0"
                ],
                "description": "",
                "from_port": 443,
                "ipv6_cidr_blocks": [],
                "prefix_list_ids": [],
                "protocol": "tcp",
                "security_groups": [],
                "self": false,
                "to_port": 443
              },
              {
                "cidr_blocks": [
                  "0.0.0.0/0"
                ],
                "description": "",
                "from_port": 80,
                "ipv6_cidr_blocks": [],
                "prefix_list_ids": [],
                "protocol": "tcp",
                "security_groups": [],
                "self": false,
                "to_port": 80
              }
            ],
            "name": "public-sg",
            "name_prefix": "",
            "owner_id": "510036503349",
            "revoke_rules_on_delete": false,
            "tags": {
              "Environment": "devops_course"
            },
            "tags_all": {
              "Environment": "devops_course"
            },
            "timeouts": null,
            "vpc_id": "vpc-03eeb0fc1c173ef5d"
          },
          "sensitive_attributes": [],
          "private": "eyJlMmJmYjczMC1lY2FhLTExZTYtOGY4OC0zNDM2M2JjN2M0YzAiOnsiY3JlYXRlIjo2MDAwMDAwMDAwMDAsImRlbGV0ZSI6OTAwMDAwMDAwMDAwfSwic2NoZW1hX3ZlcnNpb24iOiIxIn0=",
          "dependencies": [
            "module.vpc.aws_vpc.vpc"
          ]
        }
      ]
    },
    {
      "module": "module.vpc",
      "mode": "managed",
      "type": "aws_subnet",
      "name": "public_subnet",
      "provider": "provider[\"registry.terraform.io/hashicorp/aws\"]",
      "instances": [
        {
          "schema_version": 1,
          "attributes": {
            "arn": "arn:aws:ec2:eu-west-2:510036503349:subnet/subnet-0fb0e5ff4d72fa06a",
            "assign_ipv6_address_on_creation": false,
            "availability_zone": "eu-west-2a",
            "availability_zone_id": "euw2-az2",
            "cidr_block": "10.0.0.0/24",
            "customer_owned_ipv4_pool": "",
            "id": "subnet-0fb0e5ff4d72fa06a",
            "ipv6_cidr_block": "",
            "ipv6_cidr_block_association_id": "",
            "map_customer_owned_ip_on_launch": false,
            "map_public_ip_on_launch": true,
            "outpost_arn": "",
            "owner_id": "510036503349",
            "tags": {
              "Env": "devops_course",
              "Name": "devops_course_subnet_public"
            },
            "tags_all": {
              "Env": "devops_course",
              "Name": "devops_course_subnet_public"
            },
            "timeouts": null,
            "vpc_id": "vpc-03eeb0fc1c173ef5d"
          },
          "sensitive_attributes": [],
          "private": "eyJlMmJmYjczMC1lY2FhLTExZTYtOGY4OC0zNDM2M2JjN2M0YzAiOnsiY3JlYXRlIjo2MDAwMDAwMDAwMDAsImRlbGV0ZSI6MTIwMDAwMDAwMDAwMH0sInNjaGVtYV92ZXJzaW9uIjoiMSJ9",
          "dependencies": [
            "module.vpc.aws_vpc.vpc"
          ]
        }
      ]
    },
    {
      "module": "module.vpc",
      "mode": "managed",
      "type": "aws_vpc",
      "name": "vpc",
      "provider": "provider[\"registry.terraform.io/hashicorp/aws\"]",
      "instances": [
        {
          "schema_version": 1,
          "attributes": {
            "arn": "arn:aws:ec2:eu-west-2:510036503349:vpc/vpc-03eeb0fc1c173ef5d",
            "assign_generated_ipv6_cidr_block": false,
            "cidr_block": "10.0.0.0/16",
            "default_network_acl_id": "acl-098cba6474aa37f4b",
            "default_route_table_id": "rtb-0cb6402767058f2db",
            "default_security_group_id": "sg-0fc152fbede00a781",
            "dhcp_options_id": "dopt-aa5152c2",
            "enable_classiclink": null,
            "enable_classiclink_dns_support": null,
            "enable_dns_hostnames": false,
            "enable_dns_support": true,
            "id": "vpc-03eeb0fc1c173ef5d",
            "instance_tenancy": "default",
            "ipv6_association_id": "",
            "ipv6_cidr_block": "",
            "main_route_table_id": "rtb-0cb6402767058f2db",
            "owner_id": "510036503349",
            "tags": {
              "Env": "devops_course",
              "Name": "devops_course_vpc"
            },
            "tags_all": {
              "Env": "devops_course",
              "Name": "devops_course_vpc"
            }
          },
          "sensitive_attributes": [],
          "private": "eyJzY2hlbWFfdmVyc2lvbiI6IjEifQ=="
        }
      ]
    },
    {
      "module": "module.web_instance",
      "mode": "data",
      "type": "aws_ami",
      "name": "ubuntu",
      "provider": "provider[\"registry.terraform.io/hashicorp/aws\"]",
      "instances": [
        {
          "schema_version": 0,
          "attributes": {
            "architecture": "x86_64",
            "arn": "arn:aws:ec2:eu-west-2::image/ami-093d303510c432519",
            "block_device_mappings": [
              {
                "device_name": "/dev/sda1",
                "ebs": {
                  "delete_on_termination": "true",
                  "encrypted": "false",
                  "iops": "0",
                  "snapshot_id": "snap-0c4478786ab0398b6",
                  "throughput": "0",
                  "volume_size": "8",
                  "volume_type": "gp2"
                },
                "no_device": "",
                "virtual_name": ""
              },
              {
                "device_name": "/dev/sdb",
                "ebs": {},
                "no_device": "",
                "virtual_name": "ephemeral0"
              },
              {
                "device_name": "/dev/sdc",
                "ebs": {},
                "no_device": "",
                "virtual_name": "ephemeral1"
              }
            ],
            "creation_date": "2021-06-22T20:54:34.000Z",
            "description": "Canonical, Ubuntu, 20.04 LTS, amd64 focal image build on 2021-06-21",
            "ena_support": true,
            "executable_users": null,
            "filter": [
              {
                "name": "name",
                "values": [
                  "ubuntu/images/hvm-ssd/ubuntu-focal-20.04-amd64-server-*"
                ]
              },
              {
                "name": "virtualization-type",
                "values": [
                  "hvm"
                ]
              }
            ],
            "hypervisor": "xen",
            "id": "ami-093d303510c432519",
            "image_id": "ami-093d303510c432519",
            "image_location": "099720109477/ubuntu/images/hvm-ssd/ubuntu-focal-20.04-amd64-server-20210621",
            "image_owner_alias": null,
            "image_type": "machine",
            "kernel_id": null,
            "most_recent": true,
            "name": "ubuntu/images/hvm-ssd/ubuntu-focal-20.04-amd64-server-20210621",
            "name_regex": null,
            "owner_id": "099720109477",
            "owners": [
              "099720109477"
            ],
            "platform": null,
            "platform_details": "Linux/UNIX",
            "product_codes": [],
            "public": true,
            "ramdisk_id": null,
            "root_device_name": "/dev/sda1",
            "root_device_type": "ebs",
            "root_snapshot_id": "snap-0c4478786ab0398b6",
            "sriov_net_support": "simple",
            "state": "available",
            "state_reason": {
              "code": "UNSET",
              "message": "UNSET"
            },
            "tags": {},
            "usage_operation": "RunInstances",
            "virtualization_type": "hvm"
          },
          "sensitive_attributes": []
        }
      ]
    },
    {
      "module": "module.web_instance",
      "mode": "managed",
      "type": "aws_eip",
      "name": "eip",
      "provider": "provider[\"registry.terraform.io/hashicorp/aws\"]",
      "instances": [
        {
          "schema_version": 0,
          "attributes": {
            "address": null,
            "allocation_id": null,
            "associate_with_private_ip": null,
            "association_id": "eipassoc-0e9f384f2fd9c9568",
            "carrier_ip": "",
            "customer_owned_ip": "",
            "customer_owned_ipv4_pool": "",
            "domain": "vpc",
            "id": "eipalloc-001b22a96a8d51526",
            "instance": "i-08f1089e6781387ca",
            "network_border_group": "eu-west-2",
            "network_interface": "eni-05efc1dd57324c981",
            "private_dns": "ip-10-0-0-31.eu-west-2.compute.internal",
            "private_ip": "10.0.0.31",
            "public_dns": "ec2-18-168-219-162.eu-west-2.compute.amazonaws.com",
            "public_ip": "18.168.219.162",
            "public_ipv4_pool": "amazon",
            "tags": {
              "Env": "devops_course",
              "Name": "devops_course_eip"
            },
            "tags_all": {
              "Env": "devops_course",
              "Name": "devops_course_eip"
            },
            "timeouts": null,
            "vpc": true
          },
          "sensitive_attributes": [],
          "private": "eyJlMmJmYjczMC1lY2FhLTExZTYtOGY4OC0zNDM2M2JjN2M0YzAiOnsiZGVsZXRlIjoxODAwMDAwMDAwMDAsInJlYWQiOjkwMDAwMDAwMDAwMCwidXBkYXRlIjozMDAwMDAwMDAwMDB9fQ==",
          "dependencies": [
            "module.web_instance.aws_key_pair.generated_key",
            "module.web_instance.data.aws_ami.ubuntu",
            "module.web_instance.tls_private_key.example",
            "module.vpc.aws_security_group.default",
            "module.vpc.aws_subnet.public_subnet",
            "module.vpc.aws_vpc.vpc",
            "module.web_instance.aws_instance.ec2"
          ]
        }
      ]
    },
    {
      "module": "module.web_instance",
      "mode": "managed",
      "type": "aws_instance",
      "name": "ec2",
      "provider": "provider[\"registry.terraform.io/hashicorp/aws\"]",
      "instances": [
        {
          "schema_version": 1,
          "attributes": {
            "ami": "ami-093d303510c432519",
            "arn": "arn:aws:ec2:eu-west-2:510036503349:instance/i-08f1089e6781387ca",
            "associate_public_ip_address": true,
            "availability_zone": "eu-west-2a",
            "capacity_reservation_specification": [
              {
                "capacity_reservation_preference": "open",
                "capacity_reservation_target": []
              }
            ],
            "cpu_core_count": 1,
            "cpu_threads_per_core": 1,
            "credit_specification": [
              {
                "cpu_credits": "standard"
              }
            ],
            "disable_api_termination": false,
            "ebs_block_device": [],
            "ebs_optimized": false,
            "enclave_options": [
              {
                "enabled": false
              }
            ],
            "ephemeral_block_device": [],
            "get_password_data": false,
            "hibernation": false,
            "host_id": null,
            "iam_instance_profile": "",
            "id": "i-08f1089e6781387ca",
            "instance_initiated_shutdown_behavior": "stop",
            "instance_state": "running",
            "instance_type": "t2.micro",
            "ipv6_address_count": 0,
            "ipv6_addresses": [],
            "key_name": "devops-course",
            "metadata_options": [
              {
                "http_endpoint": "enabled",
                "http_put_response_hop_limit": 1,
                "http_tokens": "optional"
              }
            ],
            "monitoring": false,
            "network_interface": [],
            "outpost_arn": "",
            "password_data": "",
            "placement_group": "",
            "primary_network_interface_id": "eni-05efc1dd57324c981",
            "private_dns": "ip-10-0-0-31.eu-west-2.compute.internal",
            "private_ip": "10.0.0.31",
            "public_dns": "",
            "public_ip": "18.168.219.162",
            "root_block_device": [
              {
                "delete_on_termination": true,
                "device_name": "/dev/sda1",
                "encrypted": false,
                "iops": 100,
                "kms_key_id": "",
                "tags": {},
                "throughput": 0,
                "volume_id": "vol-082f634dc5f83542e",
                "volume_size": 8,
                "volume_type": "gp2"
              }
            ],
            "secondary_private_ips": [],
            "security_groups": [],
            "source_dest_check": true,
            "subnet_id": "subnet-0fb0e5ff4d72fa06a",
            "tags": {
              "Name": "web"
            },
            "tags_all": {
              "Name": "web"
            },
            "tenancy": "default",
            "timeouts": null,
            "user_data": null,
            "user_data_base64": null,
            "volume_tags": null,
            "vpc_security_group_ids": [
              "sg-0cdb906253a1fcfbb"
            ]
          },
          "sensitive_attributes": [],
          "private": "eyJlMmJmYjczMC1lY2FhLTExZTYtOGY4OC0zNDM2M2JjN2M0YzAiOnsiY3JlYXRlIjo2MDAwMDAwMDAwMDAsImRlbGV0ZSI6MTIwMDAwMDAwMDAwMCwidXBkYXRlIjo2MDAwMDAwMDAwMDB9LCJzY2hlbWFfdmVyc2lvbiI6IjEifQ==",
          "dependencies": [
            "module.web_instance.tls_private_key.example",
            "module.vpc.aws_security_group.default",
            "module.vpc.aws_subnet.public_subnet",
            "module.vpc.aws_vpc.vpc",
            "module.web_instance.aws_key_pair.generated_key",
            "module.web_instance.data.aws_ami.ubuntu"
          ]
        }
      ]
    },
    {
      "module": "module.web_instance",
      "mode": "managed",
      "type": "aws_key_pair",
      "name": "generated_key",
      "provider": "provider[\"registry.terraform.io/hashicorp/aws\"]",
      "instances": [
        {
          "schema_version": 1,
          "attributes": {
            "arn": "arn:aws:ec2:eu-west-2:510036503349:key-pair/devops-course",
            "fingerprint": "a6:32:12:cd:78:a1:16:c2:d8:91:3e:92:a2:6c:1f:c8",
            "id": "devops-course",
            "key_name": "devops-course",
            "key_name_prefix": null,
            "key_pair_id": "key-004f4f48b39f7f3c1",
            "public_key": "ssh-rsa AAAAB3NzaC1yc2EAAAADAQABAAACAQDb5btniZ5sRGIF0b9dgVegSeCPmoVkDJV9lFqjpCclEIyTO0OeO5m25lsuxT+5UiT7roa4VHwYzBlfABNqCDd7LPqpV1SsfoZI9FtRV4sa5BA2W+5tD/AqHpbcDazGAqC/CEHUVw4EZRgLX+mGrDffaKywK6Fs1avNa6owUbhh6zzr4i7TbYJBOnBeLrHcFR0HIMGvRFXmwt8m3EWJaB+acJx/jMTZGCYDo6hA+WpmoWsHNIDcquOPu0wGkN7xJ9GvVuMvNWt8cw7pZ8A/ZInpoNYAl76RQdaz6l0EY6e/KLqwPMfLmWE8B4BOgjufREGBqf20cunsvmyBGCMLvajGbiccMnxfbHw6cPI3c9ym1oG90GGQ1gMc1pKF7a80IAx/4w7NGM/RiM4Cu5tQpE70Vx9WzbOEdgyBMoAMLLTc20sdDTxLfI5ioGc+RYrGa1nZEYn2Z2MwO95J9SnEuxqGkajkzktd6nS2wKmS/m/P1Ey8mBU+0MNHEpIyIIXytwkrEKx/yXVDuKWTqOCpuLT+/1kHAEOZCGPjGyT9ZTFSPEctc7APOJJ2BFpcMMqeRYRj9BpwgArENFuTb56rMr5IEqmhnvW+5vE+eKVl5rl8YIiUFUDALOY8m9B9nz5HPX4wAOhMUIkukIWVVQhoBZPZgKuZZ7GFK6UX+TexpBia2Q==",
            "tags": {},
            "tags_all": {}
          },
          "sensitive_attributes": [],
          "private": "eyJzY2hlbWFfdmVyc2lvbiI6IjEifQ==",
          "dependencies": [
            "module.web_instance.tls_private_key.example"
          ]
        }
      ]
    },
    {
      "module": "module.web_instance",
      "mode": "managed",
      "type": "local_file",
      "name": "key",
      "provider": "provider[\"registry.terraform.io/hashicorp/local\"]",
      "instances": [
        {
          "schema_version": 0,
          "attributes": {
            "content": "-----BEGIN RSA PRIVATE KEY-----\nMIIJKQIBAAKCAgEA2+W7Z4mebERiBdG/XYFXoEngj5qFZAyVfZRao6QnJRCMkztD\nnjuZtuZbLsU/uVIk+66GuFR8GMwZXwATagg3eyz6qVdUrH6GSPRbUVeLGuQQNlvu\nbQ/wKh6W3A2sxgKgvwhB1FcOBGUYC1/phqw332issCuhbNWrzWuqMFG4Yes86+Iu\n022CQTpwXi6x3BUdByDBr0RV5sLfJtxFiWgfmnCcf4zE2RgmA6OoQPlqZqFrBzSA\n3Krjj7tMBpDe8SfRr1bjLzVrfHMO6WfAP2SJ6aDWAJe+kUHWs+pdBGOnvyi6sDzH\ny5lhPAeAToI7n0RBgan9tHLp7L5sgRgjC72oxm4nHDJ8X2x8OnDyN3PcptaBvdBh\nkNYDHNaShe2vNCAMf+MOzRjP0YjOArubUKRO9FcfVs2zhHYMgTKADCy03NtLHQ08\nS3yOYqBnPkWKxmtZ2RGJ9mdjMDveSfUpxLsahpGo5M5LXep0tsCpkv5vz9RMvJgV\nPtDDRxKSMiCF8rcJKxCsf8l1Q7ilk6jgqbi0/v9ZBwBDmQhj4xsk/WUxUjxHLXOw\nDziSdgRaXDDKnkWEY/QacIAKxDRbk2+eqzK+SBKpoZ71vubxPnilZea5fGCIlBVA\nwCzmPJvQfZ8+Rz1+MADoTFCJLpCFlVUIaAWT2YCrmWexhSulF/k3saQYmtkCAwEA\nAQKCAgEA17abiswjzw2eIxtJYM7bSPBwDC+HH0iA9XotGE6V3/RGEsCWaokJF7UO\nSelRw9hjU0o3+mdWfXTqhpkqcl+xHXJYSvrSo4xS6wpa8oawfSaxCMJSOEbkUE1F\nrIT1siEt03ikK0tjAsixN6dVDLmw7cZfcUq7xmotaQxvHYttFxGO588wJFRO7PII\n/TtNWxqTKUTm+6pLol4UTqjSxiKQrg4+V5meGWFpGTTYfzStPhSnS6AjsVUqevs/\nb0l6ipOHTTwtDUiYMrMkM6+FlipoZ/lRNa+mUBSILGKB8SZZjlrEGNLnJEFIc3zg\nTyPOnUR2Bl7d9MCt3YJIKrOk3YWmI4Cb6gC8OUAH37Knf5H9XjWsVW2Xnf2GnXKe\nzAqmAGQjCiyi1B78QoDSjU4bHHopXuSSvFcaOMDzfl+BvGDAW9kMMMlyHaiUz1Me\nMWXfiS4VdL0NCehJkKHTrrEmUMSwJ7lNLk5SAOmVqTaa/fYkbM2QkliA0VCqKFrW\nH8Y26f5A25WfelwjtGaUzKVHypBOLpXnvPIcsTikQPhr1+Jm8b2RgRuJm0BR3AnV\nhI02ki32w78V3DcRP15rKSK4zH2FpJP3U0lbXRZINhgo6rJJ4dxVwZXKyMfB7lAr\ntkjzQeAlU0n0s4130CoKDcpkb96o6DmBtqrUhWfv5qvkquETdAECggEBAOhPmvIL\nC1Qvg6H0nbgpJuII5bpLqbQxx9oo/obIWDkL1IEViiAGslKi6i0IpxfahE/7pnPq\nEAyKNm91H8S6aATIjxHvy7RQaCjIWv5WszcNgk//IXPBHD1f8fguxoyIEuhLNxW2\nQVBRWI7Hf3OzrqtjAUf7GWGaRny/lUHHJSR56IAHoLbesjv3Oj1hiE1QQclpY9FN\ntZGy8MNbZC+YSbgZekFdgW+Wj0r1FfVP5iL6cBr9oJ/dtdFWe1XXCmGChv7tTc/H\nOZs4z4Tg/NDBq88DHqMcm2C4HOEeHhsIKwtD01J0fDiMQzcbKRzkEnSMACVQksVK\nwj08ReqShVl4TRkCggEBAPJSEzY1SeJY/tshfjQ5KlSukn1rz66Jow8smjLx7sKm\nTTwPu5YGDELZxJc8aSnOcxQK3JlQFdP6P0gqwXRwXiKa4pFb9/iGg5ssaZba0bn8\nYsmYP0neVFQ7VVElo9XVoDKtFp2fllsmN0Ia0y5YDydIbEhfXH+v+HtjeVNn7IH1\nnOXUbImBS2dJAvad0O2HYvSPHIWwX8p7S5mK02B21/ddFSP+F+lYTBL9zDTTNW/f\naA7g5PHLWF91OlJ1kC3uznVBEJ1z1DAOfW3bo0gCzehaeEpwig58IVRiX7Bjlrkw\nCPvMRylYByjsLfCRv9k6eN1LhwbEENMSdRptLPgus8ECggEBAOaDhxZBiz4/33fn\nCFFi1ChZ98pBpeUduFdrchQ/2/rPGE/2FZbtzihda8y/1z2+IKhU5rgCO2aWBqnW\nKG3HIcwNTpnXvePwHUrKdDAHy9EG4JWMbZ80sVbdS3aew3lS1KAXclNjA7A055DV\nuEwQsXNyzCSmrmrA8Mx8NhiNCPgG14OjDgAnPehuyyV5EAzXZE/8+YUIfPBUBL90\nghcQH6ZD8aHGrNcTKKCSTPWcEJoIsxC1NpsrHmzYSY3F0ZEsOdPfmORhpXG2j4Qk\n0/g5FMhXKiFkE3GHf3CJuAnOsxd8d8ZLu69IzrFxi/wU+5MWEFb2eoy2P8MPebjn\nJta+npECggEAUjLDL5U9/dkAgqbG38IweM9LA96JcYRg2qnfmL52pnKxKlmP4WEl\n0Zt7U237omHUqYzRrfP7o4903e8a9nuTgxuVFYfkAtrmU8HqA3EwyW0yuX26oj0X\n0Abcdw1UmRnBIM+UJ13WLA83mWXuEv9uDH5FtPscLngryvdAVamgEamWUmQPeUlx\noZSju7JnB9vwFlNhcnwU0mOmjmwILeXCdreNj0sHI3F/RMXw+k5XBx76dmmVX+wB\ni0gBw6z7folOYXnzv+VlqfOQWq6xoaDJ5jKiMWYhfq5ew/gmy3fMzf7cXUW7MewZ\naalMIBngwThTfYW8RPBHYMIXFSLJqVp2QQKCAQB553QJ+uNAAYajXCCHbxYvHtj+\nAdhLEdA5wibSI0xVDfcbWU6PT6JodYRO4UOk6fYS8nR8WeDa+vvxlccb3aft3kxR\n4pPK5sBjeP79+OrEBoxyUuXx20/RTu3HjAtTwaO5OoPePO8KqRh2nIDALgjCfw1n\nx3/t/0UCbIiaHO2dzJs4GxZ2vgpls22BlN1nzTvf22KKamx0tKyngZnj69EVPzXx\n9fNDLWxO68wa0e24WJxL865OkuuVotxEiPHpuWOgDkVMecmwq7MPDQzAHWTsb3C1\n66M5vR4oHsj9MTq+qS++KVLrqwKyjm1P4/i+nDXsBM4PS26UFPjVgexywTB5\n-----END RSA PRIVATE KEY-----\n",
            "content_base64": null,
            "directory_permission": "0777",
            "file_permission": "0777",
            "filename": "id_rsa",
            "id": "2deb3c5d2b9522d28b4b41f88bf9bb7bc9bf49be",
            "sensitive_content": null,
            "source": null
          },
          "sensitive_attributes": [
            [
              {
                "type": "get_attr",
                "value": "content"
              }
            ]
          ],
          "private": "bnVsbA==",
          "dependencies": [
            "module.web_instance.tls_private_key.example"
          ]
        }
      ]
    },
    {
      "module": "module.web_instance",
      "mode": "managed",
      "type": "tls_private_key",
      "name": "example",
      "provider": "provider[\"registry.terraform.io/hashicorp/tls\"]",
      "instances": [
        {
          "schema_version": 0,
          "attributes": {
            "algorithm": "RSA",
            "ecdsa_curve": "P224",
            "id": "7ffa302abe488a45dceb0cfc01b2c7fcd78050b2",
            "private_key_pem": "-----BEGIN RSA PRIVATE KEY-----\nMIIJKQIBAAKCAgEA2+W7Z4mebERiBdG/XYFXoEngj5qFZAyVfZRao6QnJRCMkztD\nnjuZtuZbLsU/uVIk+66GuFR8GMwZXwATagg3eyz6qVdUrH6GSPRbUVeLGuQQNlvu\nbQ/wKh6W3A2sxgKgvwhB1FcOBGUYC1/phqw332issCuhbNWrzWuqMFG4Yes86+Iu\n022CQTpwXi6x3BUdByDBr0RV5sLfJtxFiWgfmnCcf4zE2RgmA6OoQPlqZqFrBzSA\n3Krjj7tMBpDe8SfRr1bjLzVrfHMO6WfAP2SJ6aDWAJe+kUHWs+pdBGOnvyi6sDzH\ny5lhPAeAToI7n0RBgan9tHLp7L5sgRgjC72oxm4nHDJ8X2x8OnDyN3PcptaBvdBh\nkNYDHNaShe2vNCAMf+MOzRjP0YjOArubUKRO9FcfVs2zhHYMgTKADCy03NtLHQ08\nS3yOYqBnPkWKxmtZ2RGJ9mdjMDveSfUpxLsahpGo5M5LXep0tsCpkv5vz9RMvJgV\nPtDDRxKSMiCF8rcJKxCsf8l1Q7ilk6jgqbi0/v9ZBwBDmQhj4xsk/WUxUjxHLXOw\nDziSdgRaXDDKnkWEY/QacIAKxDRbk2+eqzK+SBKpoZ71vubxPnilZea5fGCIlBVA\nwCzmPJvQfZ8+Rz1+MADoTFCJLpCFlVUIaAWT2YCrmWexhSulF/k3saQYmtkCAwEA\nAQKCAgEA17abiswjzw2eIxtJYM7bSPBwDC+HH0iA9XotGE6V3/RGEsCWaokJF7UO\nSelRw9hjU0o3+mdWfXTqhpkqcl+xHXJYSvrSo4xS6wpa8oawfSaxCMJSOEbkUE1F\nrIT1siEt03ikK0tjAsixN6dVDLmw7cZfcUq7xmotaQxvHYttFxGO588wJFRO7PII\n/TtNWxqTKUTm+6pLol4UTqjSxiKQrg4+V5meGWFpGTTYfzStPhSnS6AjsVUqevs/\nb0l6ipOHTTwtDUiYMrMkM6+FlipoZ/lRNa+mUBSILGKB8SZZjlrEGNLnJEFIc3zg\nTyPOnUR2Bl7d9MCt3YJIKrOk3YWmI4Cb6gC8OUAH37Knf5H9XjWsVW2Xnf2GnXKe\nzAqmAGQjCiyi1B78QoDSjU4bHHopXuSSvFcaOMDzfl+BvGDAW9kMMMlyHaiUz1Me\nMWXfiS4VdL0NCehJkKHTrrEmUMSwJ7lNLk5SAOmVqTaa/fYkbM2QkliA0VCqKFrW\nH8Y26f5A25WfelwjtGaUzKVHypBOLpXnvPIcsTikQPhr1+Jm8b2RgRuJm0BR3AnV\nhI02ki32w78V3DcRP15rKSK4zH2FpJP3U0lbXRZINhgo6rJJ4dxVwZXKyMfB7lAr\ntkjzQeAlU0n0s4130CoKDcpkb96o6DmBtqrUhWfv5qvkquETdAECggEBAOhPmvIL\nC1Qvg6H0nbgpJuII5bpLqbQxx9oo/obIWDkL1IEViiAGslKi6i0IpxfahE/7pnPq\nEAyKNm91H8S6aATIjxHvy7RQaCjIWv5WszcNgk//IXPBHD1f8fguxoyIEuhLNxW2\nQVBRWI7Hf3OzrqtjAUf7GWGaRny/lUHHJSR56IAHoLbesjv3Oj1hiE1QQclpY9FN\ntZGy8MNbZC+YSbgZekFdgW+Wj0r1FfVP5iL6cBr9oJ/dtdFWe1XXCmGChv7tTc/H\nOZs4z4Tg/NDBq88DHqMcm2C4HOEeHhsIKwtD01J0fDiMQzcbKRzkEnSMACVQksVK\nwj08ReqShVl4TRkCggEBAPJSEzY1SeJY/tshfjQ5KlSukn1rz66Jow8smjLx7sKm\nTTwPu5YGDELZxJc8aSnOcxQK3JlQFdP6P0gqwXRwXiKa4pFb9/iGg5ssaZba0bn8\nYsmYP0neVFQ7VVElo9XVoDKtFp2fllsmN0Ia0y5YDydIbEhfXH+v+HtjeVNn7IH1\nnOXUbImBS2dJAvad0O2HYvSPHIWwX8p7S5mK02B21/ddFSP+F+lYTBL9zDTTNW/f\naA7g5PHLWF91OlJ1kC3uznVBEJ1z1DAOfW3bo0gCzehaeEpwig58IVRiX7Bjlrkw\nCPvMRylYByjsLfCRv9k6eN1LhwbEENMSdRptLPgus8ECggEBAOaDhxZBiz4/33fn\nCFFi1ChZ98pBpeUduFdrchQ/2/rPGE/2FZbtzihda8y/1z2+IKhU5rgCO2aWBqnW\nKG3HIcwNTpnXvePwHUrKdDAHy9EG4JWMbZ80sVbdS3aew3lS1KAXclNjA7A055DV\nuEwQsXNyzCSmrmrA8Mx8NhiNCPgG14OjDgAnPehuyyV5EAzXZE/8+YUIfPBUBL90\nghcQH6ZD8aHGrNcTKKCSTPWcEJoIsxC1NpsrHmzYSY3F0ZEsOdPfmORhpXG2j4Qk\n0/g5FMhXKiFkE3GHf3CJuAnOsxd8d8ZLu69IzrFxi/wU+5MWEFb2eoy2P8MPebjn\nJta+npECggEAUjLDL5U9/dkAgqbG38IweM9LA96JcYRg2qnfmL52pnKxKlmP4WEl\n0Zt7U237omHUqYzRrfP7o4903e8a9nuTgxuVFYfkAtrmU8HqA3EwyW0yuX26oj0X\n0Abcdw1UmRnBIM+UJ13WLA83mWXuEv9uDH5FtPscLngryvdAVamgEamWUmQPeUlx\noZSju7JnB9vwFlNhcnwU0mOmjmwILeXCdreNj0sHI3F/RMXw+k5XBx76dmmVX+wB\ni0gBw6z7folOYXnzv+VlqfOQWq6xoaDJ5jKiMWYhfq5ew/gmy3fMzf7cXUW7MewZ\naalMIBngwThTfYW8RPBHYMIXFSLJqVp2QQKCAQB553QJ+uNAAYajXCCHbxYvHtj+\nAdhLEdA5wibSI0xVDfcbWU6PT6JodYRO4UOk6fYS8nR8WeDa+vvxlccb3aft3kxR\n4pPK5sBjeP79+OrEBoxyUuXx20/RTu3HjAtTwaO5OoPePO8KqRh2nIDALgjCfw1n\nx3/t/0UCbIiaHO2dzJs4GxZ2vgpls22BlN1nzTvf22KKamx0tKyngZnj69EVPzXx\n9fNDLWxO68wa0e24WJxL865OkuuVotxEiPHpuWOgDkVMecmwq7MPDQzAHWTsb3C1\n66M5vR4oHsj9MTq+qS++KVLrqwKyjm1P4/i+nDXsBM4PS26UFPjVgexywTB5\n-----END RSA PRIVATE KEY-----\n",
            "public_key_fingerprint_md5": "57:42:88:d4:78:b4:ee:41:cd:ac:06:3b:c8:7d:1b:b8",
            "public_key_openssh": "ssh-rsa AAAAB3NzaC1yc2EAAAADAQABAAACAQDb5btniZ5sRGIF0b9dgVegSeCPmoVkDJV9lFqjpCclEIyTO0OeO5m25lsuxT+5UiT7roa4VHwYzBlfABNqCDd7LPqpV1SsfoZI9FtRV4sa5BA2W+5tD/AqHpbcDazGAqC/CEHUVw4EZRgLX+mGrDffaKywK6Fs1avNa6owUbhh6zzr4i7TbYJBOnBeLrHcFR0HIMGvRFXmwt8m3EWJaB+acJx/jMTZGCYDo6hA+WpmoWsHNIDcquOPu0wGkN7xJ9GvVuMvNWt8cw7pZ8A/ZInpoNYAl76RQdaz6l0EY6e/KLqwPMfLmWE8B4BOgjufREGBqf20cunsvmyBGCMLvajGbiccMnxfbHw6cPI3c9ym1oG90GGQ1gMc1pKF7a80IAx/4w7NGM/RiM4Cu5tQpE70Vx9WzbOEdgyBMoAMLLTc20sdDTxLfI5ioGc+RYrGa1nZEYn2Z2MwO95J9SnEuxqGkajkzktd6nS2wKmS/m/P1Ey8mBU+0MNHEpIyIIXytwkrEKx/yXVDuKWTqOCpuLT+/1kHAEOZCGPjGyT9ZTFSPEctc7APOJJ2BFpcMMqeRYRj9BpwgArENFuTb56rMr5IEqmhnvW+5vE+eKVl5rl8YIiUFUDALOY8m9B9nz5HPX4wAOhMUIkukIWVVQhoBZPZgKuZZ7GFK6UX+TexpBia2Q==\n",
            "public_key_pem": "-----BEGIN PUBLIC KEY-----\nMIICIjANBgkqhkiG9w0BAQEFAAOCAg8AMIICCgKCAgEA2+W7Z4mebERiBdG/XYFX\noEngj5qFZAyVfZRao6QnJRCMkztDnjuZtuZbLsU/uVIk+66GuFR8GMwZXwATagg3\neyz6qVdUrH6GSPRbUVeLGuQQNlvubQ/wKh6W3A2sxgKgvwhB1FcOBGUYC1/phqw3\n32issCuhbNWrzWuqMFG4Yes86+Iu022CQTpwXi6x3BUdByDBr0RV5sLfJtxFiWgf\nmnCcf4zE2RgmA6OoQPlqZqFrBzSA3Krjj7tMBpDe8SfRr1bjLzVrfHMO6WfAP2SJ\n6aDWAJe+kUHWs+pdBGOnvyi6sDzHy5lhPAeAToI7n0RBgan9tHLp7L5sgRgjC72o\nxm4nHDJ8X2x8OnDyN3PcptaBvdBhkNYDHNaShe2vNCAMf+MOzRjP0YjOArubUKRO\n9FcfVs2zhHYMgTKADCy03NtLHQ08S3yOYqBnPkWKxmtZ2RGJ9mdjMDveSfUpxLsa\nhpGo5M5LXep0tsCpkv5vz9RMvJgVPtDDRxKSMiCF8rcJKxCsf8l1Q7ilk6jgqbi0\n/v9ZBwBDmQhj4xsk/WUxUjxHLXOwDziSdgRaXDDKnkWEY/QacIAKxDRbk2+eqzK+\nSBKpoZ71vubxPnilZea5fGCIlBVAwCzmPJvQfZ8+Rz1+MADoTFCJLpCFlVUIaAWT\n2YCrmWexhSulF/k3saQYmtkCAwEAAQ==\n-----END PUBLIC KEY-----\n",
            "rsa_bits": 4096
          },
          "sensitive_attributes": [],
          "private": "bnVsbA=="
        }
      ]
    }
  ]
}
