{
  "version": 4,
  "terraform_version": "1.0.0",
  "serial": 16,
  "lineage": "b950536b-3100-ae97-80ea-9721b839585c",
  "outputs": {
    "public_ip": {
      "value": "3.8.8.220",
      "type": "string"
    }
  },
  "resources": [
    {
      "module": "module.vpc",
      "mode": "managed",
      "type": "aws_eip",
      "name": "eip",
      "provider": "provider[\"registry.terraform.io/hashicorp/aws\"]",
      "instances": [
        {
          "schema_version": 0,
          "attributes": {
            "address": null,
            "allocation_id": null,
            "associate_with_private_ip": null,
            "association_id": "eipassoc-016d882fbc080f294",
            "carrier_ip": "",
            "customer_owned_ip": "",
            "customer_owned_ipv4_pool": "",
            "domain": "vpc",
            "id": "eipalloc-098bb5801dd2b9672",
            "instance": "",
            "network_border_group": "eu-west-2",
            "network_interface": "eni-0e2f86c1fb1a15249",
            "private_dns": "ip-10-0-0-161.eu-west-2.compute.internal",
            "private_ip": "10.0.0.161",
            "public_dns": "ec2-35-177-25-85.eu-west-2.compute.amazonaws.com",
            "public_ip": "35.177.25.85",
            "public_ipv4_pool": "amazon",
            "tags": {
              "Env": "devops_course",
              "Name": "devops_course_eip"
            },
            "tags_all": {
              "Env": "devops_course",
              "Name": "devops_course_eip"
            },
            "timeouts": null,
            "vpc": true
          },
          "sensitive_attributes": [],
          "private": "eyJlMmJmYjczMC1lY2FhLTExZTYtOGY4OC0zNDM2M2JjN2M0YzAiOnsiZGVsZXRlIjoxODAwMDAwMDAwMDAsInJlYWQiOjkwMDAwMDAwMDAwMCwidXBkYXRlIjozMDAwMDAwMDAwMDB9fQ=="
        }
      ]
    },
    {
      "module": "module.vpc",
      "mode": "managed",
      "type": "aws_internet_gateway",
      "name": "igw",
      "provider": "provider[\"registry.terraform.io/hashicorp/aws\"]",
      "instances": [
        {
          "schema_version": 0,
          "attributes": {
            "arn": "arn:aws:ec2:eu-west-2:510036503349:internet-gateway/igw-0e8d4ee2077fb6562",
            "id": "igw-0e8d4ee2077fb6562",
            "owner_id": "510036503349",
            "tags": {
              "Env": "devops_course",
              "Name": "devops_course_igw"
            },
            "tags_all": {
              "Env": "devops_course",
              "Name": "devops_course_igw"
            },
            "vpc_id": "vpc-0793d6c465bcb65f9"
          },
          "sensitive_attributes": [],
          "private": "bnVsbA==",
          "dependencies": [
            "module.vpc.aws_vpc.vpc"
          ]
        }
      ]
    },
    {
      "module": "module.vpc",
      "mode": "managed",
      "type": "aws_nat_gateway",
      "name": "nat",
      "provider": "provider[\"registry.terraform.io/hashicorp/aws\"]",
      "instances": [
        {
          "schema_version": 0,
          "attributes": {
            "allocation_id": "eipalloc-098bb5801dd2b9672",
            "connectivity_type": "public",
            "id": "nat-05895a65c61c66c4a",
            "network_interface_id": "eni-0e2f86c1fb1a15249",
            "private_ip": "10.0.0.161",
            "public_ip": "35.177.25.85",
            "subnet_id": "subnet-035e3e5ab7adf5a7b",
            "tags": {
              "Environment": "devops_course",
              "Name": "devops_course_nat_gw"
            },
            "tags_all": {
              "Environment": "devops_course",
              "Name": "devops_course_nat_gw"
            }
          },
          "sensitive_attributes": [],
          "private": "bnVsbA==",
          "dependencies": [
            "module.vpc.aws_eip.eip",
            "module.vpc.aws_internet_gateway.igw",
            "module.vpc.aws_subnet.public_subnet",
            "module.vpc.aws_vpc.vpc"
          ]
        }
      ]
    },
    {
      "module": "module.vpc",
      "mode": "managed",
      "type": "aws_route_table",
      "name": "custom_route_table",
      "provider": "provider[\"registry.terraform.io/hashicorp/aws\"]",
      "instances": [
        {
          "schema_version": 0,
          "attributes": {
            "arn": "arn:aws:ec2:eu-west-2:510036503349:route-table/rtb-01abcf9898e1cd515",
            "id": "rtb-01abcf9898e1cd515",
            "owner_id": "510036503349",
            "propagating_vgws": [],
            "route": [
              {
                "carrier_gateway_id": "",
                "cidr_block": "0.0.0.0/0",
                "destination_prefix_list_id": "",
                "egress_only_gateway_id": "",
                "gateway_id": "igw-0e8d4ee2077fb6562",
                "instance_id": "",
                "ipv6_cidr_block": "",
                "local_gateway_id": "",
                "nat_gateway_id": "",
                "network_interface_id": "",
                "transit_gateway_id": "",
                "vpc_endpoint_id": "",
                "vpc_peering_connection_id": ""
              }
            ],
            "tags": {
              "Env": "devops_course",
              "Name": "devops_course_public_rtb"
            },
            "tags_all": {
              "Env": "devops_course",
              "Name": "devops_course_public_rtb"
            },
            "vpc_id": "vpc-0793d6c465bcb65f9"
          },
          "sensitive_attributes": [],
          "private": "bnVsbA==",
          "dependencies": [
            "module.vpc.aws_internet_gateway.igw",
            "module.vpc.aws_vpc.vpc"
          ]
        }
      ]
    },
    {
      "module": "module.vpc",
      "mode": "managed",
      "type": "aws_route_table_association",
      "name": "public",
      "provider": "provider[\"registry.terraform.io/hashicorp/aws\"]",
      "instances": [
        {
          "schema_version": 0,
          "attributes": {
            "gateway_id": "",
            "id": "rtbassoc-0083b7677e43bde9a",
            "route_table_id": "rtb-01abcf9898e1cd515",
            "subnet_id": "subnet-035e3e5ab7adf5a7b"
          },
          "sensitive_attributes": [],
          "private": "bnVsbA==",
          "dependencies": [
            "module.vpc.aws_internet_gateway.igw",
            "module.vpc.aws_route_table.custom_route_table",
            "module.vpc.aws_subnet.public_subnet",
            "module.vpc.aws_vpc.vpc"
          ]
        }
      ]
    },
    {
      "module": "module.vpc",
      "mode": "managed",
      "type": "aws_security_group",
      "name": "default",
      "provider": "provider[\"registry.terraform.io/hashicorp/aws\"]",
      "instances": [
        {
          "schema_version": 1,
          "attributes": {
            "arn": "arn:aws:ec2:eu-west-2:510036503349:security-group/sg-039f1883357972b74",
            "description": "Managed by Terraform",
            "egress": [
              {
                "cidr_blocks": [
                  "0.0.0.0/0"
                ],
                "description": "",
                "from_port": 0,
                "ipv6_cidr_blocks": [],
                "prefix_list_ids": [],
                "protocol": "-1",
                "security_groups": [],
                "self": false,
                "to_port": 0
              }
            ],
            "id": "sg-039f1883357972b74",
            "ingress": [
              {
                "cidr_blocks": [
                  "0.0.0.0/0"
                ],
                "description": "",
                "from_port": -1,
                "ipv6_cidr_blocks": [],
                "prefix_list_ids": [],
                "protocol": "icmp",
                "security_groups": [],
                "self": false,
                "to_port": -1
              },
              {
                "cidr_blocks": [
                  "0.0.0.0/0"
                ],
                "description": "",
                "from_port": 22,
                "ipv6_cidr_blocks": [],
                "prefix_list_ids": [],
                "protocol": "tcp",
                "security_groups": [],
                "self": false,
                "to_port": 22
              },
              {
                "cidr_blocks": [
                  "0.0.0.0/0"
                ],
                "description": "",
                "from_port": 443,
                "ipv6_cidr_blocks": [],
                "prefix_list_ids": [],
                "protocol": "tcp",
                "security_groups": [],
                "self": false,
                "to_port": 443
              },
              {
                "cidr_blocks": [
                  "0.0.0.0/0"
                ],
                "description": "",
                "from_port": 80,
                "ipv6_cidr_blocks": [],
                "prefix_list_ids": [],
                "protocol": "tcp",
                "security_groups": [],
                "self": false,
                "to_port": 80
              }
            ],
            "name": "public-sg",
            "name_prefix": "",
            "owner_id": "510036503349",
            "revoke_rules_on_delete": false,
            "tags": {
              "Environment": "devops_course"
            },
            "tags_all": {
              "Environment": "devops_course"
            },
            "timeouts": null,
            "vpc_id": "vpc-0793d6c465bcb65f9"
          },
          "sensitive_attributes": [],
          "private": "eyJlMmJmYjczMC1lY2FhLTExZTYtOGY4OC0zNDM2M2JjN2M0YzAiOnsiY3JlYXRlIjo2MDAwMDAwMDAwMDAsImRlbGV0ZSI6OTAwMDAwMDAwMDAwfSwic2NoZW1hX3ZlcnNpb24iOiIxIn0=",
          "dependencies": [
            "module.vpc.aws_vpc.vpc"
          ]
        }
      ]
    },
    {
      "module": "module.vpc",
      "mode": "managed",
      "type": "aws_subnet",
      "name": "public_subnet",
      "provider": "provider[\"registry.terraform.io/hashicorp/aws\"]",
      "instances": [
        {
          "schema_version": 1,
          "attributes": {
            "arn": "arn:aws:ec2:eu-west-2:510036503349:subnet/subnet-035e3e5ab7adf5a7b",
            "assign_ipv6_address_on_creation": false,
            "availability_zone": "eu-west-2a",
            "availability_zone_id": "euw2-az2",
            "cidr_block": "10.0.0.0/24",
            "customer_owned_ipv4_pool": "",
            "id": "subnet-035e3e5ab7adf5a7b",
            "ipv6_cidr_block": "",
            "ipv6_cidr_block_association_id": "",
            "map_customer_owned_ip_on_launch": false,
            "map_public_ip_on_launch": true,
            "outpost_arn": "",
            "owner_id": "510036503349",
            "tags": {
              "Env": "devops_course",
              "Name": "devops_course_subnet_public"
            },
            "tags_all": {
              "Env": "devops_course",
              "Name": "devops_course_subnet_public"
            },
            "timeouts": null,
            "vpc_id": "vpc-0793d6c465bcb65f9"
          },
          "sensitive_attributes": [],
          "private": "eyJlMmJmYjczMC1lY2FhLTExZTYtOGY4OC0zNDM2M2JjN2M0YzAiOnsiY3JlYXRlIjo2MDAwMDAwMDAwMDAsImRlbGV0ZSI6MTIwMDAwMDAwMDAwMH0sInNjaGVtYV92ZXJzaW9uIjoiMSJ9",
          "dependencies": [
            "module.vpc.aws_vpc.vpc"
          ]
        }
      ]
    },
    {
      "module": "module.vpc",
      "mode": "managed",
      "type": "aws_vpc",
      "name": "vpc",
      "provider": "provider[\"registry.terraform.io/hashicorp/aws\"]",
      "instances": [
        {
          "schema_version": 1,
          "attributes": {
            "arn": "arn:aws:ec2:eu-west-2:510036503349:vpc/vpc-0793d6c465bcb65f9",
            "assign_generated_ipv6_cidr_block": false,
            "cidr_block": "10.0.0.0/16",
            "default_network_acl_id": "acl-07bde77abc2f313bf",
            "default_route_table_id": "rtb-092c377a86c47410f",
            "default_security_group_id": "sg-0d64065eaf607f34e",
            "dhcp_options_id": "dopt-aa5152c2",
            "enable_classiclink": null,
            "enable_classiclink_dns_support": null,
            "enable_dns_hostnames": false,
            "enable_dns_support": true,
            "id": "vpc-0793d6c465bcb65f9",
            "instance_tenancy": "default",
            "ipv6_association_id": "",
            "ipv6_cidr_block": "",
            "main_route_table_id": "rtb-092c377a86c47410f",
            "owner_id": "510036503349",
            "tags": {
              "Env": "devops_course",
              "Name": "devops_course_vpc"
            },
            "tags_all": {
              "Env": "devops_course",
              "Name": "devops_course_vpc"
            }
          },
          "sensitive_attributes": [],
          "private": "eyJzY2hlbWFfdmVyc2lvbiI6IjEifQ=="
        }
      ]
    },
    {
      "module": "module.web_instance",
      "mode": "data",
      "type": "aws_ami",
      "name": "ubuntu",
      "provider": "provider[\"registry.terraform.io/hashicorp/aws\"]",
      "instances": [
        {
          "schema_version": 0,
          "attributes": {
            "architecture": "x86_64",
            "arn": "arn:aws:ec2:eu-west-2::image/ami-093d303510c432519",
            "block_device_mappings": [
              {
                "device_name": "/dev/sda1",
                "ebs": {
                  "delete_on_termination": "true",
                  "encrypted": "false",
                  "iops": "0",
                  "snapshot_id": "snap-0c4478786ab0398b6",
                  "throughput": "0",
                  "volume_size": "8",
                  "volume_type": "gp2"
                },
                "no_device": "",
                "virtual_name": ""
              },
              {
                "device_name": "/dev/sdb",
                "ebs": {},
                "no_device": "",
                "virtual_name": "ephemeral0"
              },
              {
                "device_name": "/dev/sdc",
                "ebs": {},
                "no_device": "",
                "virtual_name": "ephemeral1"
              }
            ],
            "creation_date": "2021-06-22T20:54:34.000Z",
            "description": "Canonical, Ubuntu, 20.04 LTS, amd64 focal image build on 2021-06-21",
            "ena_support": true,
            "executable_users": null,
            "filter": [
              {
                "name": "name",
                "values": [
                  "ubuntu/images/hvm-ssd/ubuntu-focal-20.04-amd64-server-*"
                ]
              },
              {
                "name": "virtualization-type",
                "values": [
                  "hvm"
                ]
              }
            ],
            "hypervisor": "xen",
            "id": "ami-093d303510c432519",
            "image_id": "ami-093d303510c432519",
            "image_location": "099720109477/ubuntu/images/hvm-ssd/ubuntu-focal-20.04-amd64-server-20210621",
            "image_owner_alias": null,
            "image_type": "machine",
            "kernel_id": null,
            "most_recent": true,
            "name": "ubuntu/images/hvm-ssd/ubuntu-focal-20.04-amd64-server-20210621",
            "name_regex": null,
            "owner_id": "099720109477",
            "owners": [
              "099720109477"
            ],
            "platform": null,
            "platform_details": "Linux/UNIX",
            "product_codes": [],
            "public": true,
            "ramdisk_id": null,
            "root_device_name": "/dev/sda1",
            "root_device_type": "ebs",
            "root_snapshot_id": "snap-0c4478786ab0398b6",
            "sriov_net_support": "simple",
            "state": "available",
            "state_reason": {
              "code": "UNSET",
              "message": "UNSET"
            },
            "tags": {},
            "usage_operation": "RunInstances",
            "virtualization_type": "hvm"
          },
          "sensitive_attributes": []
        }
      ]
    },
    {
      "module": "module.web_instance",
      "mode": "managed",
      "type": "aws_instance",
      "name": "ec2",
      "provider": "provider[\"registry.terraform.io/hashicorp/aws\"]",
      "instances": [
        {
          "schema_version": 1,
          "attributes": {
            "ami": "ami-093d303510c432519",
            "arn": "arn:aws:ec2:eu-west-2:510036503349:instance/i-063c1240e249428df",
            "associate_public_ip_address": true,
            "availability_zone": "eu-west-2a",
            "capacity_reservation_specification": [
              {
                "capacity_reservation_preference": "open",
                "capacity_reservation_target": []
              }
            ],
            "cpu_core_count": 1,
            "cpu_threads_per_core": 1,
            "credit_specification": [
              {
                "cpu_credits": "standard"
              }
            ],
            "disable_api_termination": false,
            "ebs_block_device": [],
            "ebs_optimized": false,
            "enclave_options": [
              {
                "enabled": false
              }
            ],
            "ephemeral_block_device": [],
            "get_password_data": false,
            "hibernation": false,
            "host_id": null,
            "iam_instance_profile": "",
            "id": "i-063c1240e249428df",
            "instance_initiated_shutdown_behavior": "stop",
            "instance_state": "running",
            "instance_type": "t2.micro",
            "ipv6_address_count": 0,
            "ipv6_addresses": [],
            "key_name": "devops-course",
            "metadata_options": [
              {
                "http_endpoint": "enabled",
                "http_put_response_hop_limit": 1,
                "http_tokens": "optional"
              }
            ],
            "monitoring": false,
            "network_interface": [],
            "outpost_arn": "",
            "password_data": "",
            "placement_group": "",
            "primary_network_interface_id": "eni-0c66c9c407ebdfe6f",
            "private_dns": "ip-10-0-0-157.eu-west-2.compute.internal",
            "private_ip": "10.0.0.157",
            "public_dns": "",
            "public_ip": "3.8.8.220",
            "root_block_device": [
              {
                "delete_on_termination": true,
                "device_name": "/dev/sda1",
                "encrypted": false,
                "iops": 100,
                "kms_key_id": "",
                "tags": {},
                "throughput": 0,
                "volume_id": "vol-0b3e6f1d1acca1805",
                "volume_size": 8,
                "volume_type": "gp2"
              }
            ],
            "secondary_private_ips": [],
            "security_groups": [],
            "source_dest_check": true,
            "subnet_id": "subnet-035e3e5ab7adf5a7b",
            "tags": {
              "Name": "web"
            },
            "tags_all": {
              "Name": "web"
            },
            "tenancy": "default",
            "timeouts": null,
            "user_data": null,
            "user_data_base64": null,
            "volume_tags": null,
            "vpc_security_group_ids": [
              "sg-039f1883357972b74"
            ]
          },
          "sensitive_attributes": [],
          "private": "eyJlMmJmYjczMC1lY2FhLTExZTYtOGY4OC0zNDM2M2JjN2M0YzAiOnsiY3JlYXRlIjo2MDAwMDAwMDAwMDAsImRlbGV0ZSI6MTIwMDAwMDAwMDAwMCwidXBkYXRlIjo2MDAwMDAwMDAwMDB9LCJzY2hlbWFfdmVyc2lvbiI6IjEifQ==",
          "dependencies": [
            "module.vpc.aws_vpc.vpc",
            "module.web_instance.aws_key_pair.generated_key",
            "module.web_instance.data.aws_ami.ubuntu",
            "module.web_instance.tls_private_key.example",
            "module.vpc.aws_security_group.default",
            "module.vpc.aws_subnet.public_subnet"
          ]
        }
      ]
    },
    {
      "module": "module.web_instance",
      "mode": "managed",
      "type": "aws_key_pair",
      "name": "generated_key",
      "provider": "provider[\"registry.terraform.io/hashicorp/aws\"]",
      "instances": [
        {
          "schema_version": 1,
          "attributes": {
            "arn": "arn:aws:ec2:eu-west-2:510036503349:key-pair/devops-course",
            "fingerprint": "78:7e:bd:64:73:21:75:43:db:f7:01:9b:1c:44:dc:1f",
            "id": "devops-course",
            "key_name": "devops-course",
            "key_name_prefix": null,
            "key_pair_id": "key-095d5f146c02fefde",
            "public_key": "ssh-rsa AAAAB3NzaC1yc2EAAAADAQABAAACAQDBISeZYTEYxkZQpNdbyZ+YSncCpiC6GqweXMFJaH+u7Cd7634duLaxMv80IUaaPXE3XiYSEcQfRy2dkKpxNjkDOmA+26yOwny+1mwDi1mkQnJW3MBQDdR9lh2ZkaNavWbZDOKkFa78P2QkIT7GxLurG3Qt9nm/wJhPovvI9We0BBTUJk7OWzGbK1dYK7ch8/g2IpoTG+mxBJJdmWQg7vpaAupIr3or2rCFAuC3f7OossMT0LTYi1I3bcoFLzCbEd8x6QOm8Urb3UeJ3CVFrq6g4YpwEXamHigB3/KI0myDiY1OUbChxrL0jm0B1uQQNPrizvpuKXFC+/ifgeSY2YGuiWyGO6g8jxeswnrtlattjMZJ3VBrnPz0FSMeYHC0AZwDtMztftuL6pRDdvoGs86syEBd9NJSYls4M5QmvArImIZS1Je+S7swur0S0nh1d8TwDPkgO4a0n31ovj+1JJt5OyuUNAMNnghyq2g7kXsgdMlp9X2CqO6V+duKtU6VLX+/aXU/ZgD41TjRlxSDsyrfCq2ly3f3J8MOkvtBY6ti/QELZ6YrF3H+FKSK0k+ZS01Vdjplz3CSHCfq+1VvmGCT4udEvG2DIJ2pvIFg0iaTtdjr0LnVrDYghnKzBsFUcpw86W8MiM79Zbu39oQtzX7Z+dpu5os+P2xpps2OsKl2lw==",
            "tags": {},
            "tags_all": {}
          },
          "sensitive_attributes": [],
          "private": "eyJzY2hlbWFfdmVyc2lvbiI6IjEifQ==",
          "dependencies": [
            "module.web_instance.tls_private_key.example"
          ]
        }
      ]
    },
    {
      "module": "module.web_instance",
      "mode": "managed",
      "type": "local_file",
      "name": "key",
      "provider": "provider[\"registry.terraform.io/hashicorp/local\"]",
      "instances": [
        {
          "schema_version": 0,
          "attributes": {
            "content": "-----BEGIN RSA PRIVATE KEY-----\nMIIJKAIBAAKCAgEAwSEnmWExGMZGUKTXW8mfmEp3AqYguhqsHlzBSWh/ruwne+t+\nHbi2sTL/NCFGmj1xN14mEhHEH0ctnZCqcTY5AzpgPtusjsJ8vtZsA4tZpEJyVtzA\nUA3UfZYdmZGjWr1m2QzipBWu/D9kJCE+xsS7qxt0LfZ5v8CYT6L7yPVntAQU1CZO\nzlsxmytXWCu3IfP4NiKaExvpsQSSXZlkIO76WgLqSK96K9qwhQLgt3+zqLLDE9C0\n2ItSN23KBS8wmxHfMekDpvFK291HidwlRa6uoOGKcBF2ph4oAd/yiNJsg4mNTlGw\nocay9I5tAdbkEDT64s76bilxQvv4n4HkmNmBrolshjuoPI8XrMJ67ZWrbYzGSd1Q\na5z89BUjHmBwtAGcA7TM7X7bi+qUQ3b6BrPOrMhAXfTSUmJbODOUJrwKyJiGUtSX\nvku7MLq9EtJ4dXfE8Az5IDuGtJ99aL4/tSSbeTsrlDQDDZ4IcqtoO5F7IHTJafV9\ngqjulfnbirVOlS1/v2l1P2YA+NU40ZcUg7Mq3wqtpct39yfDDpL7QWOrYv0BC2em\nKxdx/hSkitJPmUtNVXY6Zc9wkhwn6vtVb5hgk+LnRLxtgyCdqbyBYNImk7XY69C5\n1aw2IIZyswbBVHKcPOlvDIjO/WW7t/aELc1+2fnabuaLPj9saabNjrCpdpcCAwEA\nAQKCAgEArbQlSrX5E8BZw/TPYlYRPkdTjUVgUCLnRhPFIUJk/S6YQMPJVfAqGWy1\nzuxS9S1oJBWBBmWGUV+SrpJMSrErTDT4FfE83dYdnwN6eSGfybad4nSAYEBgK2iW\nTOaJ13ZdB8GoI08BaQ2XA0wHi32tEbQKpcB3NrmCBLah4difonC9Tyb5YG7zSg4M\nbFg9ScOGLyKmE6PaZ4WmI5twTJLFB6pxkFiL+N+kPq4c8c5hB81o2eywi8ebdhFA\nT7Nm80J6zgg3abLC0sfOrTcdKvR3SmoxOqTqY3TiJPWIzfj88r4IIzYkOQ1fLcjg\nUHQ4Aj+0m8Tvx59sqIO61bRdqACRupfEXhjwMM3AOFwRgKSEThRnmyk94eYDHCfh\nUfuW/qFfrLYS0TrGH4CAxJvAt9hV76/Xv2SBD8S2OAWHo0FXXkOxSNX+jqHk8yHW\nIJWaAP2/5Cpx4E7puYRnF1LesijyhHXejBKb3ObeA/OfNKdDzQ1j/VeCds6TvxGw\nartvIcQBkEmlR0JGMz+ryfoxxVm7dW4w16gGhgYeWlm0qVgmUbkV7hpLfoOQtGqo\nTAUo9zisR3MiLlETtqI9H0a3Vd8SrIpcteO2zrcsob9PqlUVav53kqx3m9OZlAzE\nEYRRMJsC2m39M0EgChHJZlzGOTX2Sp31tLdLG+th9XPbogXhadkCggEBAMONMdeX\nW2DOFjNwLd8sSJ9poGHg0D5P4XYOSaC+pIssg4nR+2HZayhF4BxJIrcJazmEzUlK\ng1nDnPd0oKBDLBGUVl64bsE5eBdFK1zep+0fTzSwqxY/aiqd3P/TwA22Muk/StaD\nog1gtScS5KzjEUAiU+lX8taq4P4gDJMxXfaPJ67wjk4uYIX1piYdNey3Ojlb1VUu\nJx1320uogn8fL/Kf9ZiswbHlSnPNpeq6v/Oxjv+LcBuBtdGvHjvF0ZLHqEX9MW66\n6rAsR883wTPhB6px4Rrb+zjqnU+bxHMViM5Y6ocz4JDJ/VNwnNhbW9hKJlolqSYl\nk7X3KspxD8s2u3MCggEBAPzUS2q2v/K8VtdEZ2SVPS8tePiei7jrfXSoFQasfvs9\nYtPUqAFu0MMRxIBThpyqHufMNOM9rkDbMrmo8m64YdOSQlWSTB8BZuP93hIn5Ugb\nn97cz/JAhuFt0yS4w4YilENBrNiVeMyorvt883YnLsCr/ZXX6DKQgIJJPR5kilkr\nj6QViEQjDlhX72zMPYNAubRu0nOloOO0S5hQ/anV7nvpdJ/kqVoWYDgCMhHSY1ow\nv9fRIzHrgBEcNEGnY3Mw/kiSU+Qnk9cMw3VntHPuusEczA7DTZeIDlHtMosqEuR+\nkmaTZj4BlxRVIz9JGhp9FZ5x/JqinqOlocmDHmjFV00CggEAUtQIa4fppYxFLQ5z\n75aDQDpuO2cM7YfKOMX+e76kVWrKYGL3tk9wKwPF1FVKBftQVnGgvk14a1oGr23P\n53HsRZnuJ3q5NtDPxBOBNXn96NsdInU+UlMT9e8dv6KCM4yb7d3oJgplZoMy19UR\n1QTstpyTrD+bVT/Vwu3yRZpgcWHbbiboL8dHDRaqhHRU9en6GHeEWesNmFa/JUG/\n3HZqSbtlPIDYHjC/o2NUxqLJUUBBEI6QMqZzS9h/1tOIXEKDTPncqUk0xOBMnkHA\nbOgA5joMHeNVepstfJ2+zPwvES/qTtAza0CTM3d8h8vSkD+AFSjkh4rdEPMbRdoz\n1WBebwKCAQAuWgFllBGGv+6v0pOeBhpMfuqxsedtxIagj3wjWBaDmxJ2QYN3l8hg\nKu66lBWWvT2jQ3Xiv1kl/MnE7etcTyNoNWVB6OtZt9kULWO8MmI/oQjjQ9o/0IKp\n64eNMO5vtgE2f2Df6C9YXgiOhK7h13cjzaRVB1tDgeh9ek3hN4+Bn5HbBDOSQlcL\n7Tsw2BTi7kfdg3/DwfbIKDK/vwFyVI0/XGKMOdCuenGzcvuY9thOHafeOjJYoZM+\nD8yoyLZb1PyZc3I73uGkyGtBJ/0WUAsfAleK0VV1VXVCodjlWJZUG7xdX+KbtZDs\nIluu64kEmDARd1ZXRz8MQ35wwkAd9yf1AoIBAHpCFMcwFjVXZYmXPM33AXQdsVOZ\n6kWIHKWHKNXw+ZdjOqkNH1qKZhlVSOmvzCbMKqAWLFfErJc+WoTSnOsjvr1ZU7Gh\naqi8TQYWeotVQXZnpWM3rcIPg23pxckTLYBR/4PbugyDV+uoqfsc2J+eaWNFj+Z1\nkZ40/GVKNoQCTd98659gO9FJh2SUhDJtru+vHh3aJZ7qBJ7xdLdzM2ePV1pgBLJY\nd6R6yqbJbZhoSa1HUs0/LGDzDRrl6qhHbupr7SPWWzbSPm0K0bJB/VbhZoDBnTg0\nivQ2Hpm3SOVOP68gHS8JVPoYpXTBFdy9nKLV6P+IZqkO0GNftp3YVzW7/fE=\n-----END RSA PRIVATE KEY-----\n",
            "content_base64": null,
            "directory_permission": "0777",
            "file_permission": "0777",
            "filename": "id_rsa",
            "id": "c4125a1ad08a6d97487f5f74caf272bdf8e58f27",
            "sensitive_content": null,
            "source": null
          },
          "sensitive_attributes": [
            [
              {
                "type": "get_attr",
                "value": "content"
              }
            ]
          ],
          "private": "bnVsbA==",
          "dependencies": [
            "module.web_instance.tls_private_key.example"
          ]
        }
      ]
    },
    {
      "module": "module.web_instance",
      "mode": "managed",
      "type": "tls_private_key",
      "name": "example",
      "provider": "provider[\"registry.terraform.io/hashicorp/tls\"]",
      "instances": [
        {
          "schema_version": 0,
          "attributes": {
            "algorithm": "RSA",
            "ecdsa_curve": "P224",
            "id": "8eb79d2787fbab470808794e1cd9b5e92567893c",
            "private_key_pem": "-----BEGIN RSA PRIVATE KEY-----\nMIIJKAIBAAKCAgEAwSEnmWExGMZGUKTXW8mfmEp3AqYguhqsHlzBSWh/ruwne+t+\nHbi2sTL/NCFGmj1xN14mEhHEH0ctnZCqcTY5AzpgPtusjsJ8vtZsA4tZpEJyVtzA\nUA3UfZYdmZGjWr1m2QzipBWu/D9kJCE+xsS7qxt0LfZ5v8CYT6L7yPVntAQU1CZO\nzlsxmytXWCu3IfP4NiKaExvpsQSSXZlkIO76WgLqSK96K9qwhQLgt3+zqLLDE9C0\n2ItSN23KBS8wmxHfMekDpvFK291HidwlRa6uoOGKcBF2ph4oAd/yiNJsg4mNTlGw\nocay9I5tAdbkEDT64s76bilxQvv4n4HkmNmBrolshjuoPI8XrMJ67ZWrbYzGSd1Q\na5z89BUjHmBwtAGcA7TM7X7bi+qUQ3b6BrPOrMhAXfTSUmJbODOUJrwKyJiGUtSX\nvku7MLq9EtJ4dXfE8Az5IDuGtJ99aL4/tSSbeTsrlDQDDZ4IcqtoO5F7IHTJafV9\ngqjulfnbirVOlS1/v2l1P2YA+NU40ZcUg7Mq3wqtpct39yfDDpL7QWOrYv0BC2em\nKxdx/hSkitJPmUtNVXY6Zc9wkhwn6vtVb5hgk+LnRLxtgyCdqbyBYNImk7XY69C5\n1aw2IIZyswbBVHKcPOlvDIjO/WW7t/aELc1+2fnabuaLPj9saabNjrCpdpcCAwEA\nAQKCAgEArbQlSrX5E8BZw/TPYlYRPkdTjUVgUCLnRhPFIUJk/S6YQMPJVfAqGWy1\nzuxS9S1oJBWBBmWGUV+SrpJMSrErTDT4FfE83dYdnwN6eSGfybad4nSAYEBgK2iW\nTOaJ13ZdB8GoI08BaQ2XA0wHi32tEbQKpcB3NrmCBLah4difonC9Tyb5YG7zSg4M\nbFg9ScOGLyKmE6PaZ4WmI5twTJLFB6pxkFiL+N+kPq4c8c5hB81o2eywi8ebdhFA\nT7Nm80J6zgg3abLC0sfOrTcdKvR3SmoxOqTqY3TiJPWIzfj88r4IIzYkOQ1fLcjg\nUHQ4Aj+0m8Tvx59sqIO61bRdqACRupfEXhjwMM3AOFwRgKSEThRnmyk94eYDHCfh\nUfuW/qFfrLYS0TrGH4CAxJvAt9hV76/Xv2SBD8S2OAWHo0FXXkOxSNX+jqHk8yHW\nIJWaAP2/5Cpx4E7puYRnF1LesijyhHXejBKb3ObeA/OfNKdDzQ1j/VeCds6TvxGw\nartvIcQBkEmlR0JGMz+ryfoxxVm7dW4w16gGhgYeWlm0qVgmUbkV7hpLfoOQtGqo\nTAUo9zisR3MiLlETtqI9H0a3Vd8SrIpcteO2zrcsob9PqlUVav53kqx3m9OZlAzE\nEYRRMJsC2m39M0EgChHJZlzGOTX2Sp31tLdLG+th9XPbogXhadkCggEBAMONMdeX\nW2DOFjNwLd8sSJ9poGHg0D5P4XYOSaC+pIssg4nR+2HZayhF4BxJIrcJazmEzUlK\ng1nDnPd0oKBDLBGUVl64bsE5eBdFK1zep+0fTzSwqxY/aiqd3P/TwA22Muk/StaD\nog1gtScS5KzjEUAiU+lX8taq4P4gDJMxXfaPJ67wjk4uYIX1piYdNey3Ojlb1VUu\nJx1320uogn8fL/Kf9ZiswbHlSnPNpeq6v/Oxjv+LcBuBtdGvHjvF0ZLHqEX9MW66\n6rAsR883wTPhB6px4Rrb+zjqnU+bxHMViM5Y6ocz4JDJ/VNwnNhbW9hKJlolqSYl\nk7X3KspxD8s2u3MCggEBAPzUS2q2v/K8VtdEZ2SVPS8tePiei7jrfXSoFQasfvs9\nYtPUqAFu0MMRxIBThpyqHufMNOM9rkDbMrmo8m64YdOSQlWSTB8BZuP93hIn5Ugb\nn97cz/JAhuFt0yS4w4YilENBrNiVeMyorvt883YnLsCr/ZXX6DKQgIJJPR5kilkr\nj6QViEQjDlhX72zMPYNAubRu0nOloOO0S5hQ/anV7nvpdJ/kqVoWYDgCMhHSY1ow\nv9fRIzHrgBEcNEGnY3Mw/kiSU+Qnk9cMw3VntHPuusEczA7DTZeIDlHtMosqEuR+\nkmaTZj4BlxRVIz9JGhp9FZ5x/JqinqOlocmDHmjFV00CggEAUtQIa4fppYxFLQ5z\n75aDQDpuO2cM7YfKOMX+e76kVWrKYGL3tk9wKwPF1FVKBftQVnGgvk14a1oGr23P\n53HsRZnuJ3q5NtDPxBOBNXn96NsdInU+UlMT9e8dv6KCM4yb7d3oJgplZoMy19UR\n1QTstpyTrD+bVT/Vwu3yRZpgcWHbbiboL8dHDRaqhHRU9en6GHeEWesNmFa/JUG/\n3HZqSbtlPIDYHjC/o2NUxqLJUUBBEI6QMqZzS9h/1tOIXEKDTPncqUk0xOBMnkHA\nbOgA5joMHeNVepstfJ2+zPwvES/qTtAza0CTM3d8h8vSkD+AFSjkh4rdEPMbRdoz\n1WBebwKCAQAuWgFllBGGv+6v0pOeBhpMfuqxsedtxIagj3wjWBaDmxJ2QYN3l8hg\nKu66lBWWvT2jQ3Xiv1kl/MnE7etcTyNoNWVB6OtZt9kULWO8MmI/oQjjQ9o/0IKp\n64eNMO5vtgE2f2Df6C9YXgiOhK7h13cjzaRVB1tDgeh9ek3hN4+Bn5HbBDOSQlcL\n7Tsw2BTi7kfdg3/DwfbIKDK/vwFyVI0/XGKMOdCuenGzcvuY9thOHafeOjJYoZM+\nD8yoyLZb1PyZc3I73uGkyGtBJ/0WUAsfAleK0VV1VXVCodjlWJZUG7xdX+KbtZDs\nIluu64kEmDARd1ZXRz8MQ35wwkAd9yf1AoIBAHpCFMcwFjVXZYmXPM33AXQdsVOZ\n6kWIHKWHKNXw+ZdjOqkNH1qKZhlVSOmvzCbMKqAWLFfErJc+WoTSnOsjvr1ZU7Gh\naqi8TQYWeotVQXZnpWM3rcIPg23pxckTLYBR/4PbugyDV+uoqfsc2J+eaWNFj+Z1\nkZ40/GVKNoQCTd98659gO9FJh2SUhDJtru+vHh3aJZ7qBJ7xdLdzM2ePV1pgBLJY\nd6R6yqbJbZhoSa1HUs0/LGDzDRrl6qhHbupr7SPWWzbSPm0K0bJB/VbhZoDBnTg0\nivQ2Hpm3SOVOP68gHS8JVPoYpXTBFdy9nKLV6P+IZqkO0GNftp3YVzW7/fE=\n-----END RSA PRIVATE KEY-----\n",
            "public_key_fingerprint_md5": "a8:53:06:db:89:83:c3:3a:a4:75:d0:b9:f4:14:d6:21",
            "public_key_openssh": "ssh-rsa AAAAB3NzaC1yc2EAAAADAQABAAACAQDBISeZYTEYxkZQpNdbyZ+YSncCpiC6GqweXMFJaH+u7Cd7634duLaxMv80IUaaPXE3XiYSEcQfRy2dkKpxNjkDOmA+26yOwny+1mwDi1mkQnJW3MBQDdR9lh2ZkaNavWbZDOKkFa78P2QkIT7GxLurG3Qt9nm/wJhPovvI9We0BBTUJk7OWzGbK1dYK7ch8/g2IpoTG+mxBJJdmWQg7vpaAupIr3or2rCFAuC3f7OossMT0LTYi1I3bcoFLzCbEd8x6QOm8Urb3UeJ3CVFrq6g4YpwEXamHigB3/KI0myDiY1OUbChxrL0jm0B1uQQNPrizvpuKXFC+/ifgeSY2YGuiWyGO6g8jxeswnrtlattjMZJ3VBrnPz0FSMeYHC0AZwDtMztftuL6pRDdvoGs86syEBd9NJSYls4M5QmvArImIZS1Je+S7swur0S0nh1d8TwDPkgO4a0n31ovj+1JJt5OyuUNAMNnghyq2g7kXsgdMlp9X2CqO6V+duKtU6VLX+/aXU/ZgD41TjRlxSDsyrfCq2ly3f3J8MOkvtBY6ti/QELZ6YrF3H+FKSK0k+ZS01Vdjplz3CSHCfq+1VvmGCT4udEvG2DIJ2pvIFg0iaTtdjr0LnVrDYghnKzBsFUcpw86W8MiM79Zbu39oQtzX7Z+dpu5os+P2xpps2OsKl2lw==\n",
            "public_key_pem": "-----BEGIN PUBLIC KEY-----\nMIICIjANBgkqhkiG9w0BAQEFAAOCAg8AMIICCgKCAgEAwSEnmWExGMZGUKTXW8mf\nmEp3AqYguhqsHlzBSWh/ruwne+t+Hbi2sTL/NCFGmj1xN14mEhHEH0ctnZCqcTY5\nAzpgPtusjsJ8vtZsA4tZpEJyVtzAUA3UfZYdmZGjWr1m2QzipBWu/D9kJCE+xsS7\nqxt0LfZ5v8CYT6L7yPVntAQU1CZOzlsxmytXWCu3IfP4NiKaExvpsQSSXZlkIO76\nWgLqSK96K9qwhQLgt3+zqLLDE9C02ItSN23KBS8wmxHfMekDpvFK291HidwlRa6u\noOGKcBF2ph4oAd/yiNJsg4mNTlGwocay9I5tAdbkEDT64s76bilxQvv4n4HkmNmB\nrolshjuoPI8XrMJ67ZWrbYzGSd1Qa5z89BUjHmBwtAGcA7TM7X7bi+qUQ3b6BrPO\nrMhAXfTSUmJbODOUJrwKyJiGUtSXvku7MLq9EtJ4dXfE8Az5IDuGtJ99aL4/tSSb\neTsrlDQDDZ4IcqtoO5F7IHTJafV9gqjulfnbirVOlS1/v2l1P2YA+NU40ZcUg7Mq\n3wqtpct39yfDDpL7QWOrYv0BC2emKxdx/hSkitJPmUtNVXY6Zc9wkhwn6vtVb5hg\nk+LnRLxtgyCdqbyBYNImk7XY69C51aw2IIZyswbBVHKcPOlvDIjO/WW7t/aELc1+\n2fnabuaLPj9saabNjrCpdpcCAwEAAQ==\n-----END PUBLIC KEY-----\n",
            "rsa_bits": 4096
          },
          "sensitive_attributes": [],
          "private": "bnVsbA=="
        }
      ]
    }
  ]
}
